// !$*UTF8*$!
{
	archiveVersion = 1;
	classes = {
	};
	objectVersion = 50;
	objects = {

/* Begin PBXBuildFile section */
		0018801505260CC481FB55A1 /* (null) in Frameworks */ = {isa = PBXBuildFile; };
		0349135023F5DA80AC9BA366 /* Pods_Txik_Txak.framework in Frameworks */ = {isa = PBXBuildFile; fileRef = 8D78B1B9C94FCF272DEA7743 /* Pods_Txik_Txak.framework */; };
		2FAD9763203C412B000D30F8 /* config.xml in Resources */ = {isa = PBXBuildFile; fileRef = 2FAD9762203C412B000D30F8 /* config.xml */; };
		41296B647F9E31E04E9F6260 /* (null) in Frameworks */ = {isa = PBXBuildFile; };
		4F7D059C945AA861F16E7806 /* (null) in Frameworks */ = {isa = PBXBuildFile; };
		50379B232058CBB4000EE86E /* capacitor.config.json in Resources */ = {isa = PBXBuildFile; fileRef = 50379B222058CBB4000EE86E /* capacitor.config.json */; };
		504EC3081FED79650016851F /* AppDelegate.swift in Sources */ = {isa = PBXBuildFile; fileRef = 504EC3071FED79650016851F /* AppDelegate.swift */; };
		504EC30D1FED79650016851F /* Main.storyboard in Resources */ = {isa = PBXBuildFile; fileRef = 504EC30B1FED79650016851F /* Main.storyboard */; };
		504EC30F1FED79650016851F /* Assets.xcassets in Resources */ = {isa = PBXBuildFile; fileRef = 504EC30E1FED79650016851F /* Assets.xcassets */; };
		504EC3121FED79650016851F /* LaunchScreen.storyboard in Resources */ = {isa = PBXBuildFile; fileRef = 504EC3101FED79650016851F /* LaunchScreen.storyboard */; };
		50B271D11FEDC1A000F3C39B /* public in Resources */ = {isa = PBXBuildFile; fileRef = 50B271D01FEDC1A000F3C39B /* public */; };
		56686892599CFA0CE31314D3 /* Pods_Picholines.framework in Frameworks */ = {isa = PBXBuildFile; fileRef = 4E1A3E21558115DD8FBC05BA /* Pods_Picholines.framework */; };
		6A2E24577BC25BAA01CE7560 /* Pods_OuestGo.framework in Frameworks */ = {isa = PBXBuildFile; fileRef = 091659A8431A7FE1B6092F40 /* Pods_OuestGo.framework */; };
		77397E46349C1B24E780CD04 /* Pods_Grand_Lyon.framework in Frameworks */ = {isa = PBXBuildFile; fileRef = 7A553FBCF5C28BB918961DC1 /* Pods_Grand_Lyon.framework */; };
		7E58C2DFAF4A614EC197C59C /* Pods_App.framework in Frameworks */ = {isa = PBXBuildFile; fileRef = 582D0F00A9C256EA7C0CC948 /* Pods_App.framework */; };
		812ABABB246D7D0C00DC9A9D /* GoogleService-Info-Movici.plist in Resources */ = {isa = PBXBuildFile; fileRef = 812ABABA246D7D0C00DC9A9D /* GoogleService-Info-Movici.plist */; };
		8133F5A025012CD1008D2490 /* GoogleService-Info-Grand Lyon.plist in Resources */ = {isa = PBXBuildFile; fileRef = 8133F59F25012CD1008D2490 /* GoogleService-Info-Grand Lyon.plist */; };
		816F3EB5242CE44D0015981B /* AppDelegate.swift in Sources */ = {isa = PBXBuildFile; fileRef = 504EC3071FED79650016851F /* AppDelegate.swift */; };
		816F3EB9242CE44D0015981B /* LaunchScreen.storyboard in Resources */ = {isa = PBXBuildFile; fileRef = 504EC3101FED79650016851F /* LaunchScreen.storyboard */; };
		816F3EBA242CE44D0015981B /* public in Resources */ = {isa = PBXBuildFile; fileRef = 50B271D01FEDC1A000F3C39B /* public */; };
		816F3EBC242CE44D0015981B /* capacitor.config.json in Resources */ = {isa = PBXBuildFile; fileRef = 50379B222058CBB4000EE86E /* capacitor.config.json */; };
		816F3EBD242CE44D0015981B /* Main.storyboard in Resources */ = {isa = PBXBuildFile; fileRef = 504EC30B1FED79650016851F /* Main.storyboard */; };
		816F3EBF242CE44D0015981B /* config.xml in Resources */ = {isa = PBXBuildFile; fileRef = 2FAD9762203C412B000D30F8 /* config.xml */; };
		816F3EC9242CE4B20015981B /* PicholinesAssets.xcassets in Resources */ = {isa = PBXBuildFile; fileRef = 816F3EC7242CE4AA0015981B /* PicholinesAssets.xcassets */; };
		816F3ECA242CE5B10015981B /* Picholines-Info.plist in Resources */ = {isa = PBXBuildFile; fileRef = 816F3EC6242CE44E0015981B /* Picholines-Info.plist */; };
		8179D01225594FBC00980C4C /* AppDelegate.swift in Sources */ = {isa = PBXBuildFile; fileRef = 504EC3071FED79650016851F /* AppDelegate.swift */; };
		8179D01625594FBC00980C4C /* GoogleService-Info-Txik Txak.plist in Resources */ = {isa = PBXBuildFile; fileRef = 81A5BD6524ADEAFE00F13A16 /* GoogleService-Info-Txik Txak.plist */; };
		8179D01725594FBC00980C4C /* LaunchScreen.storyboard in Resources */ = {isa = PBXBuildFile; fileRef = 504EC3101FED79650016851F /* LaunchScreen.storyboard */; };
		8179D01825594FBC00980C4C /* public in Resources */ = {isa = PBXBuildFile; fileRef = 50B271D01FEDC1A000F3C39B /* public */; };
		8179D01925594FBC00980C4C /* capacitor.config.json in Resources */ = {isa = PBXBuildFile; fileRef = 50379B222058CBB4000EE86E /* capacitor.config.json */; };
		8179D01A25594FBC00980C4C /* Main.storyboard in Resources */ = {isa = PBXBuildFile; fileRef = 504EC30B1FED79650016851F /* Main.storyboard */; };
		8179D01C25594FBC00980C4C /* TxikTxak-Info.plist in Resources */ = {isa = PBXBuildFile; fileRef = 81A5BD6124ADDD9D00F13A16 /* TxikTxak-Info.plist */; };
		8179D01D25594FBC00980C4C /* config.xml in Resources */ = {isa = PBXBuildFile; fileRef = 2FAD9762203C412B000D30F8 /* config.xml */; };
		8179D0382559509500980C4C /* MobiSDIS-Info.plist in Resources */ = {isa = PBXBuildFile; fileRef = 8179D02525594FBD00980C4C /* MobiSDIS-Info.plist */; };
		8179D043255950EE00980C4C /* MobiSDISAssets.xcassets in Resources */ = {isa = PBXBuildFile; fileRef = 8179D042255950EE00980C4C /* MobiSDISAssets.xcassets */; };
		8179D057255954CA00980C4C /* GoogleService-Info-MobiSDIS.plist in Resources */ = {isa = PBXBuildFile; fileRef = 8179D056255954CA00980C4C /* GoogleService-Info-MobiSDIS.plist */; };
		817E8CBD24644BAB0060A3B8 /* AppDelegate.swift in Sources */ = {isa = PBXBuildFile; fileRef = 504EC3071FED79650016851F /* AppDelegate.swift */; };
		817E8CC124644BAB0060A3B8 /* LaunchScreen.storyboard in Resources */ = {isa = PBXBuildFile; fileRef = 504EC3101FED79650016851F /* LaunchScreen.storyboard */; };
		817E8CC224644BAB0060A3B8 /* public in Resources */ = {isa = PBXBuildFile; fileRef = 50B271D01FEDC1A000F3C39B /* public */; };
		817E8CC324644BAB0060A3B8 /* capacitor.config.json in Resources */ = {isa = PBXBuildFile; fileRef = 50379B222058CBB4000EE86E /* capacitor.config.json */; };
		817E8CC524644BAB0060A3B8 /* Main.storyboard in Resources */ = {isa = PBXBuildFile; fileRef = 504EC30B1FED79650016851F /* Main.storyboard */; };
		817E8CC724644BAB0060A3B8 /* config.xml in Resources */ = {isa = PBXBuildFile; fileRef = 2FAD9762203C412B000D30F8 /* config.xml */; };
		817E8CCF24644C7B0060A3B8 /* GrandLyon-Info.plist in Resources */ = {isa = PBXBuildFile; fileRef = 817E8CCE24644BAB0060A3B8 /* GrandLyon-Info.plist */; };
		817E8CD224644CC80060A3B8 /* GrandLyonAssets.xcassets in Resources */ = {isa = PBXBuildFile; fileRef = 817E8CD024644CB50060A3B8 /* GrandLyonAssets.xcassets */; };
		81A5BD4F24ADDD9C00F13A16 /* AppDelegate.swift in Sources */ = {isa = PBXBuildFile; fileRef = 504EC3071FED79650016851F /* AppDelegate.swift */; };
		81A5BD5324ADDD9C00F13A16 /* LaunchScreen.storyboard in Resources */ = {isa = PBXBuildFile; fileRef = 504EC3101FED79650016851F /* LaunchScreen.storyboard */; };
		81A5BD5424ADDD9C00F13A16 /* public in Resources */ = {isa = PBXBuildFile; fileRef = 50B271D01FEDC1A000F3C39B /* public */; };
		81A5BD5524ADDD9C00F13A16 /* capacitor.config.json in Resources */ = {isa = PBXBuildFile; fileRef = 50379B222058CBB4000EE86E /* capacitor.config.json */; };
		81A5BD5624ADDD9C00F13A16 /* Main.storyboard in Resources */ = {isa = PBXBuildFile; fileRef = 504EC30B1FED79650016851F /* Main.storyboard */; };
		81A5BD5924ADDD9C00F13A16 /* config.xml in Resources */ = {isa = PBXBuildFile; fileRef = 2FAD9762203C412B000D30F8 /* config.xml */; };
		81A5BD6224ADDE0B00F13A16 /* TxikTxak-Info.plist in Resources */ = {isa = PBXBuildFile; fileRef = 81A5BD6124ADDD9D00F13A16 /* TxikTxak-Info.plist */; };
		81A5BD6424ADDEB700F13A16 /* TxikTxakAssets.xcassets in Resources */ = {isa = PBXBuildFile; fileRef = 81A5BD6324ADDEB700F13A16 /* TxikTxakAssets.xcassets */; };
		81A5BD6624ADEAFF00F13A16 /* GoogleService-Info-Txik Txak.plist in Resources */ = {isa = PBXBuildFile; fileRef = 81A5BD6524ADEAFE00F13A16 /* GoogleService-Info-Txik Txak.plist */; };
		81AC96EE24226D6300C2029E /* AppDelegate.swift in Sources */ = {isa = PBXBuildFile; fileRef = 504EC3071FED79650016851F /* AppDelegate.swift */; };
		81AC96F224226D6300C2029E /* LaunchScreen.storyboard in Resources */ = {isa = PBXBuildFile; fileRef = 504EC3101FED79650016851F /* LaunchScreen.storyboard */; };
		81AC96F324226D6300C2029E /* public in Resources */ = {isa = PBXBuildFile; fileRef = 50B271D01FEDC1A000F3C39B /* public */; };
		81AC96F524226D6300C2029E /* capacitor.config.json in Resources */ = {isa = PBXBuildFile; fileRef = 50379B222058CBB4000EE86E /* capacitor.config.json */; };
		81AC96F624226D6300C2029E /* Main.storyboard in Resources */ = {isa = PBXBuildFile; fileRef = 504EC30B1FED79650016851F /* Main.storyboard */; };
		81AC96F724226D6300C2029E /* config.xml in Resources */ = {isa = PBXBuildFile; fileRef = 2FAD9762203C412B000D30F8 /* config.xml */; };
		81AC96FE24226F0700C2029E /* OuestGo-Info.plist in Resources */ = {isa = PBXBuildFile; fileRef = 81AC96FD24226D6300C2029E /* OuestGo-Info.plist */; };
		81AC96FF24226F0D00C2029E /* Info.plist in Resources */ = {isa = PBXBuildFile; fileRef = 504EC3131FED79650016851F /* Info.plist */; };
		81AC970224226F6200C2029E /* OuestGoAssets.xcassets in Resources */ = {isa = PBXBuildFile; fileRef = 81AC970024226F5B00C2029E /* OuestGoAssets.xcassets */; };
		81AC97062422758500C2029E /* AppDelegate.swift in Sources */ = {isa = PBXBuildFile; fileRef = 504EC3071FED79650016851F /* AppDelegate.swift */; };
		81AC970A2422758500C2029E /* LaunchScreen.storyboard in Resources */ = {isa = PBXBuildFile; fileRef = 504EC3101FED79650016851F /* LaunchScreen.storyboard */; };
		81AC970B2422758500C2029E /* public in Resources */ = {isa = PBXBuildFile; fileRef = 50B271D01FEDC1A000F3C39B /* public */; };
		81AC970D2422758500C2029E /* capacitor.config.json in Resources */ = {isa = PBXBuildFile; fileRef = 50379B222058CBB4000EE86E /* capacitor.config.json */; };
		81AC970E2422758500C2029E /* Main.storyboard in Resources */ = {isa = PBXBuildFile; fileRef = 504EC30B1FED79650016851F /* Main.storyboard */; };
		81AC970F2422758500C2029E /* config.xml in Resources */ = {isa = PBXBuildFile; fileRef = 2FAD9762203C412B000D30F8 /* config.xml */; };
		81AC9719242276F500C2029E /* Movici-Info.plist in Resources */ = {isa = PBXBuildFile; fileRef = 81AC97162422758500C2029E /* Movici-Info.plist */; };
		81AC971A242276FD00C2029E /* MoviciAssets.xcassets in Resources */ = {isa = PBXBuildFile; fileRef = 81AC9717242276EC00C2029E /* MoviciAssets.xcassets */; };
		81B68633243F6CC200A2FBC5 /* AppDelegate.swift in Sources */ = {isa = PBXBuildFile; fileRef = 504EC3071FED79650016851F /* AppDelegate.swift */; };
		81B68637243F6CC200A2FBC5 /* LaunchScreen.storyboard in Resources */ = {isa = PBXBuildFile; fileRef = 504EC3101FED79650016851F /* LaunchScreen.storyboard */; };
		81B68638243F6CC200A2FBC5 /* public in Resources */ = {isa = PBXBuildFile; fileRef = 50B271D01FEDC1A000F3C39B /* public */; };
		81B6863A243F6CC200A2FBC5 /* capacitor.config.json in Resources */ = {isa = PBXBuildFile; fileRef = 50379B222058CBB4000EE86E /* capacitor.config.json */; };
		81B6863B243F6CC200A2FBC5 /* Main.storyboard in Resources */ = {isa = PBXBuildFile; fileRef = 504EC30B1FED79650016851F /* Main.storyboard */; };
		81B6863D243F6CC200A2FBC5 /* config.xml in Resources */ = {isa = PBXBuildFile; fileRef = 2FAD9762203C412B000D30F8 /* config.xml */; };
		81B68648243F6D0F00A2FBC5 /* PassPass-Info.plist in Resources */ = {isa = PBXBuildFile; fileRef = 81B68644243F6CC300A2FBC5 /* PassPass-Info.plist */; };
		81B6864C243F752800A2FBC5 /* AppDelegate.swift in Sources */ = {isa = PBXBuildFile; fileRef = 504EC3071FED79650016851F /* AppDelegate.swift */; };
		81B68650243F752800A2FBC5 /* LaunchScreen.storyboard in Resources */ = {isa = PBXBuildFile; fileRef = 504EC3101FED79650016851F /* LaunchScreen.storyboard */; };
		81B68652243F752800A2FBC5 /* public in Resources */ = {isa = PBXBuildFile; fileRef = 50B271D01FEDC1A000F3C39B /* public */; };
		81B68653243F752800A2FBC5 /* capacitor.config.json in Resources */ = {isa = PBXBuildFile; fileRef = 50379B222058CBB4000EE86E /* capacitor.config.json */; };
		81B68655243F752800A2FBC5 /* Main.storyboard in Resources */ = {isa = PBXBuildFile; fileRef = 504EC30B1FED79650016851F /* Main.storyboard */; };
		81B68656243F752800A2FBC5 /* config.xml in Resources */ = {isa = PBXBuildFile; fileRef = 2FAD9762203C412B000D30F8 /* config.xml */; };
		81B6865E243F754400A2FBC5 /* Mobicoop-Info.plist in Resources */ = {isa = PBXBuildFile; fileRef = 81B6865D243F752900A2FBC5 /* Mobicoop-Info.plist */; };
		81B68661243F756300A2FBC5 /* MobicoopAssets.xcassets in Resources */ = {isa = PBXBuildFile; fileRef = 81B6865F243F755D00A2FBC5 /* MobicoopAssets.xcassets */; };
		81B68662243F759100A2FBC5 /* PassPassAssets.xcassets in Resources */ = {isa = PBXBuildFile; fileRef = 81B68645243F6D0500A2FBC5 /* PassPassAssets.xcassets */; };
		81BE23E22472DB200073D645 /* GoogleService-Info-PassPass.plist in Resources */ = {isa = PBXBuildFile; fileRef = 81BE23E12472DB1F0073D645 /* GoogleService-Info-PassPass.plist */; };
		81BE23E62472DB430073D645 /* GoogleService-Info-Picholines.plist in Resources */ = {isa = PBXBuildFile; fileRef = 81BE23E52472DB430073D645 /* GoogleService-Info-Picholines.plist */; };
		81BE23E82472DB4D0073D645 /* GoogleService-Info-OuestGo.plist in Resources */ = {isa = PBXBuildFile; fileRef = 81BE23E72472DB4C0073D645 /* GoogleService-Info-OuestGo.plist */; };
		A084ECDBA7D38E1E42DFC39D /* (null) in Frameworks */ = {isa = PBXBuildFile; };
		C4931EAFBB76EA38FDF8219C /* (null) in Frameworks */ = {isa = PBXBuildFile; };
		D2DE11C465D056F6074C85A7 /* Pods_PassPass.framework in Frameworks */ = {isa = PBXBuildFile; fileRef = E67C0BAF98B68423BB4EBEF2 /* Pods_PassPass.framework */; };
		DE57FEB27618795EC4ED528B /* Pods_Movici.framework in Frameworks */ = {isa = PBXBuildFile; fileRef = 1C0A7723EDE94964338E0AC5 /* Pods_Movici.framework */; };
		F84AAED9E07AF2844C1EF3C0 /* Pods_MobiSDIS.framework in Frameworks */ = {isa = PBXBuildFile; fileRef = F33704986AE6AF2027236CEE /* Pods_MobiSDIS.framework */; };
		FBB8703E1E907137FFBC3E17 /* Pods_PassPass.framework in Frameworks */ = {isa = PBXBuildFile; fileRef = E67C0BAF98B68423BB4EBEF2 /* Pods_PassPass.framework */; };
/* End PBXBuildFile section */

/* Begin PBXFileReference section */
		015B17DD3DE27CDFE48FBFD6 /* Pods-Picholines.release.xcconfig */ = {isa = PBXFileReference; includeInIndex = 1; lastKnownFileType = text.xcconfig; name = "Pods-Picholines.release.xcconfig"; path = "Pods/Target Support Files/Pods-Picholines/Pods-Picholines.release.xcconfig"; sourceTree = "<group>"; };
		091659A8431A7FE1B6092F40 /* Pods_OuestGo.framework */ = {isa = PBXFileReference; explicitFileType = wrapper.framework; includeInIndex = 0; path = Pods_OuestGo.framework; sourceTree = BUILT_PRODUCTS_DIR; };
		0DCB504F9C147B414BE8E772 /* Pods-App.release.xcconfig */ = {isa = PBXFileReference; includeInIndex = 1; lastKnownFileType = text.xcconfig; name = "Pods-App.release.xcconfig"; path = "Pods/Target Support Files/Pods-App/Pods-App.release.xcconfig"; sourceTree = "<group>"; };
		1C0A7723EDE94964338E0AC5 /* Pods_Movici.framework */ = {isa = PBXFileReference; explicitFileType = wrapper.framework; includeInIndex = 0; path = Pods_Movici.framework; sourceTree = BUILT_PRODUCTS_DIR; };
		2273C20040C7C6A037A18D79 /* Pods-Movici.release.xcconfig */ = {isa = PBXFileReference; includeInIndex = 1; lastKnownFileType = text.xcconfig; name = "Pods-Movici.release.xcconfig"; path = "Pods/Target Support Files/Pods-Movici/Pods-Movici.release.xcconfig"; sourceTree = "<group>"; };
		2FAD9762203C412B000D30F8 /* config.xml */ = {isa = PBXFileReference; lastKnownFileType = text.xml; path = config.xml; sourceTree = "<group>"; };
		48879B0654E0117D90BA6767 /* Pods-OuestGo.release.xcconfig */ = {isa = PBXFileReference; includeInIndex = 1; lastKnownFileType = text.xcconfig; name = "Pods-OuestGo.release.xcconfig"; path = "Pods/Target Support Files/Pods-OuestGo/Pods-OuestGo.release.xcconfig"; sourceTree = "<group>"; };
		4E1A3E21558115DD8FBC05BA /* Pods_Picholines.framework */ = {isa = PBXFileReference; explicitFileType = wrapper.framework; includeInIndex = 0; path = Pods_Picholines.framework; sourceTree = BUILT_PRODUCTS_DIR; };
		50379B222058CBB4000EE86E /* capacitor.config.json */ = {isa = PBXFileReference; fileEncoding = 4; lastKnownFileType = text.json; path = capacitor.config.json; sourceTree = "<group>"; };
		504EC3041FED79650016851F /* App.app */ = {isa = PBXFileReference; explicitFileType = wrapper.application; includeInIndex = 0; path = App.app; sourceTree = BUILT_PRODUCTS_DIR; };
		504EC3071FED79650016851F /* AppDelegate.swift */ = {isa = PBXFileReference; lastKnownFileType = sourcecode.swift; path = AppDelegate.swift; sourceTree = "<group>"; };
		504EC30C1FED79650016851F /* Base */ = {isa = PBXFileReference; lastKnownFileType = file.storyboard; name = Base; path = Base.lproj/Main.storyboard; sourceTree = "<group>"; };
		504EC30E1FED79650016851F /* Assets.xcassets */ = {isa = PBXFileReference; lastKnownFileType = folder.assetcatalog; path = Assets.xcassets; sourceTree = "<group>"; };
		504EC3111FED79650016851F /* Base */ = {isa = PBXFileReference; lastKnownFileType = file.storyboard; name = Base; path = Base.lproj/LaunchScreen.storyboard; sourceTree = "<group>"; };
		504EC3131FED79650016851F /* Info.plist */ = {isa = PBXFileReference; lastKnownFileType = text.plist.xml; path = Info.plist; sourceTree = "<group>"; };
		50B271D01FEDC1A000F3C39B /* public */ = {isa = PBXFileReference; lastKnownFileType = folder; path = public; sourceTree = SOURCE_ROOT; };
		582D0F00A9C256EA7C0CC948 /* Pods_App.framework */ = {isa = PBXFileReference; explicitFileType = wrapper.framework; includeInIndex = 0; path = Pods_App.framework; sourceTree = BUILT_PRODUCTS_DIR; };
		64855E3DA1BC17FEE445B813 /* Pods-PassPass.debug.xcconfig */ = {isa = PBXFileReference; includeInIndex = 1; lastKnownFileType = text.xcconfig; name = "Pods-PassPass.debug.xcconfig"; path = "Pods/Target Support Files/Pods-PassPass/Pods-PassPass.debug.xcconfig"; sourceTree = "<group>"; };
		7A553FBCF5C28BB918961DC1 /* Pods_Grand_Lyon.framework */ = {isa = PBXFileReference; explicitFileType = wrapper.framework; includeInIndex = 0; path = Pods_Grand_Lyon.framework; sourceTree = BUILT_PRODUCTS_DIR; };
		7BBE58283A12DB0FB19374C2 /* Pods-Grand Lyon.release.xcconfig */ = {isa = PBXFileReference; includeInIndex = 1; lastKnownFileType = text.xcconfig; name = "Pods-Grand Lyon.release.xcconfig"; path = "Pods/Target Support Files/Pods-Grand Lyon/Pods-Grand Lyon.release.xcconfig"; sourceTree = "<group>"; };
		8112C86D242CF0FE0081909B /* Capacitor.framework */ = {isa = PBXFileReference; explicitFileType = wrapper.framework; path = Capacitor.framework; sourceTree = BUILT_PRODUCTS_DIR; };
		8112C870242CF1040081909B /* Cordova.framework */ = {isa = PBXFileReference; explicitFileType = wrapper.framework; path = Cordova.framework; sourceTree = BUILT_PRODUCTS_DIR; };
		812ABABA246D7D0C00DC9A9D /* GoogleService-Info-Movici.plist */ = {isa = PBXFileReference; fileEncoding = 4; lastKnownFileType = text.plist.xml; path = "GoogleService-Info-Movici.plist"; sourceTree = "<group>"; };
		812ABABC246D828400DC9A9D /* Movici.entitlements */ = {isa = PBXFileReference; lastKnownFileType = text.plist.entitlements; path = Movici.entitlements; sourceTree = "<group>"; };
		812ABABD246D833500DC9A9D /* Mobicoop.entitlements */ = {isa = PBXFileReference; lastKnownFileType = text.plist.entitlements; path = Mobicoop.entitlements; sourceTree = "<group>"; };
		812ABABE246D834100DC9A9D /* OuestGo.entitlements */ = {isa = PBXFileReference; lastKnownFileType = text.plist.entitlements; path = OuestGo.entitlements; sourceTree = "<group>"; };
		812ABABF246D834B00DC9A9D /* Picholines.entitlements */ = {isa = PBXFileReference; lastKnownFileType = text.plist.entitlements; path = Picholines.entitlements; sourceTree = "<group>"; };
		812ABAC0246D835500DC9A9D /* PassPass.entitlements */ = {isa = PBXFileReference; lastKnownFileType = text.plist.entitlements; path = PassPass.entitlements; sourceTree = "<group>"; };
		812ABAC1246D835E00DC9A9D /* Grand Lyon.entitlements */ = {isa = PBXFileReference; lastKnownFileType = text.plist.entitlements; path = "Grand Lyon.entitlements"; sourceTree = "<group>"; };
		8133F59F25012CD1008D2490 /* GoogleService-Info-Grand Lyon.plist */ = {isa = PBXFileReference; fileEncoding = 4; lastKnownFileType = text.plist.xml; name = "GoogleService-Info-Grand Lyon.plist"; path = "../../../../../../Desktop/GoogleService-Info-Grand Lyon.plist"; sourceTree = "<group>"; };
		816F3EC5242CE44D0015981B /* Picholines.app */ = {isa = PBXFileReference; explicitFileType = wrapper.application; includeInIndex = 0; path = Picholines.app; sourceTree = BUILT_PRODUCTS_DIR; };
		816F3EC6242CE44E0015981B /* Picholines-Info.plist */ = {isa = PBXFileReference; lastKnownFileType = text.plist.xml; name = "Picholines-Info.plist"; path = "/Users/volteris/Documents/idea/mobicoop-v2/ios/App/Picholines-Info.plist"; sourceTree = "<absolute>"; };
		816F3EC7242CE4AA0015981B /* PicholinesAssets.xcassets */ = {isa = PBXFileReference; lastKnownFileType = folder.assetcatalog; path = PicholinesAssets.xcassets; sourceTree = "<group>"; };
		8179D02425594FBC00980C4C /* MobiSDIS.app */ = {isa = PBXFileReference; explicitFileType = wrapper.application; includeInIndex = 0; path = MobiSDIS.app; sourceTree = BUILT_PRODUCTS_DIR; };
		8179D02525594FBD00980C4C /* MobiSDIS-Info.plist */ = {isa = PBXFileReference; lastKnownFileType = text.plist.xml; name = "MobiSDIS-Info.plist"; path = "/Users/volteris/Documents/idea/mobicoop-v2/ios/App/MobiSDIS-Info.plist"; sourceTree = "<absolute>"; };
		8179D042255950EE00980C4C /* MobiSDISAssets.xcassets */ = {isa = PBXFileReference; lastKnownFileType = folder.assetcatalog; path = MobiSDISAssets.xcassets; sourceTree = "<group>"; };
		8179D056255954CA00980C4C /* GoogleService-Info-MobiSDIS.plist */ = {isa = PBXFileReference; fileEncoding = 4; lastKnownFileType = text.plist.xml; path = "GoogleService-Info-MobiSDIS.plist"; sourceTree = "<group>"; };
		817E8CCD24644BAB0060A3B8 /* Grand Lyon.app */ = {isa = PBXFileReference; explicitFileType = wrapper.application; includeInIndex = 0; path = "Grand Lyon.app"; sourceTree = BUILT_PRODUCTS_DIR; };
		817E8CCE24644BAB0060A3B8 /* GrandLyon-Info.plist */ = {isa = PBXFileReference; lastKnownFileType = text.plist.xml; name = "GrandLyon-Info.plist"; path = "/Users/volteris/Documents/idea/mobicoop-v2/ios/App/GrandLyon-Info.plist"; sourceTree = "<absolute>"; };
		817E8CD024644CB50060A3B8 /* GrandLyonAssets.xcassets */ = {isa = PBXFileReference; lastKnownFileType = folder.assetcatalog; path = GrandLyonAssets.xcassets; sourceTree = "<group>"; };
		81A5BD6024ADDD9C00F13A16 /* Txik Txak.app */ = {isa = PBXFileReference; explicitFileType = wrapper.application; includeInIndex = 0; path = "Txik Txak.app"; sourceTree = BUILT_PRODUCTS_DIR; };
		81A5BD6124ADDD9D00F13A16 /* TxikTxak-Info.plist */ = {isa = PBXFileReference; lastKnownFileType = text.plist.xml; name = "TxikTxak-Info.plist"; path = "/Users/volteris/Documents/idea/mobicoop-v2/ios/App/TxikTxak-Info.plist"; sourceTree = "<absolute>"; };
		81A5BD6324ADDEB700F13A16 /* TxikTxakAssets.xcassets */ = {isa = PBXFileReference; lastKnownFileType = folder.assetcatalog; path = TxikTxakAssets.xcassets; sourceTree = "<group>"; };
		81A5BD6524ADEAFE00F13A16 /* GoogleService-Info-Txik Txak.plist */ = {isa = PBXFileReference; fileEncoding = 4; lastKnownFileType = text.plist.xml; path = "GoogleService-Info-Txik Txak.plist"; sourceTree = "<group>"; };
		81AC96FC24226D6300C2029E /* OuestGo.app */ = {isa = PBXFileReference; explicitFileType = wrapper.application; includeInIndex = 0; path = OuestGo.app; sourceTree = BUILT_PRODUCTS_DIR; };
		81AC96FD24226D6300C2029E /* OuestGo-Info.plist */ = {isa = PBXFileReference; lastKnownFileType = text.plist.xml; name = "OuestGo-Info.plist"; path = "/Users/volteris/Documents/idea/mobicoop-v2/ios/App/OuestGo-Info.plist"; sourceTree = "<absolute>"; };
		81AC970024226F5B00C2029E /* OuestGoAssets.xcassets */ = {isa = PBXFileReference; lastKnownFileType = folder.assetcatalog; path = OuestGoAssets.xcassets; sourceTree = "<group>"; };
		81AC97152422758500C2029E /* Movici.app */ = {isa = PBXFileReference; explicitFileType = wrapper.application; includeInIndex = 0; path = Movici.app; sourceTree = BUILT_PRODUCTS_DIR; };
		81AC97162422758500C2029E /* Movici-Info.plist */ = {isa = PBXFileReference; lastKnownFileType = text.plist.xml; name = "Movici-Info.plist"; path = "/Users/volteris/Documents/idea/mobicoop-v2/ios/App/Movici-Info.plist"; sourceTree = "<absolute>"; };
		81AC9717242276EC00C2029E /* MoviciAssets.xcassets */ = {isa = PBXFileReference; lastKnownFileType = folder.assetcatalog; path = MoviciAssets.xcassets; sourceTree = "<group>"; };
		81B68643243F6CC200A2FBC5 /* PassPass.app */ = {isa = PBXFileReference; explicitFileType = wrapper.application; includeInIndex = 0; path = PassPass.app; sourceTree = BUILT_PRODUCTS_DIR; };
		81B68644243F6CC300A2FBC5 /* PassPass-Info.plist */ = {isa = PBXFileReference; lastKnownFileType = text.plist.xml; name = "PassPass-Info.plist"; path = "/Users/volteris/Documents/idea/mobicoop-v2/ios/App/PassPass-Info.plist"; sourceTree = "<absolute>"; };
		81B68645243F6D0500A2FBC5 /* PassPassAssets.xcassets */ = {isa = PBXFileReference; lastKnownFileType = folder.assetcatalog; path = PassPassAssets.xcassets; sourceTree = "<group>"; };
		81B6865C243F752800A2FBC5 /* Mobicoop.app */ = {isa = PBXFileReference; explicitFileType = wrapper.application; includeInIndex = 0; path = Mobicoop.app; sourceTree = BUILT_PRODUCTS_DIR; };
		81B6865D243F752900A2FBC5 /* Mobicoop-Info.plist */ = {isa = PBXFileReference; lastKnownFileType = text.plist.xml; name = "Mobicoop-Info.plist"; path = "/Users/volteris/Documents/idea/mobicoop-v2/ios/App/Mobicoop-Info.plist"; sourceTree = "<absolute>"; };
		81B6865F243F755D00A2FBC5 /* MobicoopAssets.xcassets */ = {isa = PBXFileReference; lastKnownFileType = folder.assetcatalog; path = MobicoopAssets.xcassets; sourceTree = "<group>"; };
		81BE23E12472DB1F0073D645 /* GoogleService-Info-PassPass.plist */ = {isa = PBXFileReference; fileEncoding = 4; lastKnownFileType = text.plist.xml; path = "GoogleService-Info-PassPass.plist"; sourceTree = "<group>"; };
		81BE23E52472DB430073D645 /* GoogleService-Info-Picholines.plist */ = {isa = PBXFileReference; fileEncoding = 4; lastKnownFileType = text.plist.xml; path = "GoogleService-Info-Picholines.plist"; sourceTree = "<group>"; };
		81BE23E72472DB4C0073D645 /* GoogleService-Info-OuestGo.plist */ = {isa = PBXFileReference; fileEncoding = 4; lastKnownFileType = text.plist.xml; path = "GoogleService-Info-OuestGo.plist"; sourceTree = "<group>"; };
		8B18C8B8C502A53E11D9DE0A /* Pods-Txik Txak.debug.xcconfig */ = {isa = PBXFileReference; includeInIndex = 1; lastKnownFileType = text.xcconfig; name = "Pods-Txik Txak.debug.xcconfig"; path = "Pods/Target Support Files/Pods-Txik Txak/Pods-Txik Txak.debug.xcconfig"; sourceTree = "<group>"; };
		8D78B1B9C94FCF272DEA7743 /* Pods_Txik_Txak.framework */ = {isa = PBXFileReference; explicitFileType = wrapper.framework; includeInIndex = 0; path = Pods_Txik_Txak.framework; sourceTree = BUILT_PRODUCTS_DIR; };
		902C98C63362C39935A4385D /* Pods-App.debug.xcconfig */ = {isa = PBXFileReference; includeInIndex = 1; lastKnownFileType = text.xcconfig; name = "Pods-App.debug.xcconfig"; path = "Pods/Target Support Files/Pods-App/Pods-App.debug.xcconfig"; sourceTree = "<group>"; };
		9719F8E8F3D1EDB7EAC3A603 /* Pods-Txik Txak.release.xcconfig */ = {isa = PBXFileReference; includeInIndex = 1; lastKnownFileType = text.xcconfig; name = "Pods-Txik Txak.release.xcconfig"; path = "Pods/Target Support Files/Pods-Txik Txak/Pods-Txik Txak.release.xcconfig"; sourceTree = "<group>"; };
		9E57571C9F54CFB5A21ACEC6 /* Pods-Grand Lyon.debug.xcconfig */ = {isa = PBXFileReference; includeInIndex = 1; lastKnownFileType = text.xcconfig; name = "Pods-Grand Lyon.debug.xcconfig"; path = "Pods/Target Support Files/Pods-Grand Lyon/Pods-Grand Lyon.debug.xcconfig"; sourceTree = "<group>"; };
		A499D109DE77C321FA5AACC2 /* Pods-PassPass.release.xcconfig */ = {isa = PBXFileReference; includeInIndex = 1; lastKnownFileType = text.xcconfig; name = "Pods-PassPass.release.xcconfig"; path = "Pods/Target Support Files/Pods-PassPass/Pods-PassPass.release.xcconfig"; sourceTree = "<group>"; };
		B5B1B0CD92260C1F49F7FC15 /* Pods-Movici.debug.xcconfig */ = {isa = PBXFileReference; includeInIndex = 1; lastKnownFileType = text.xcconfig; name = "Pods-Movici.debug.xcconfig"; path = "Pods/Target Support Files/Pods-Movici/Pods-Movici.debug.xcconfig"; sourceTree = "<group>"; };
		D12368848BA50F09F7676E42 /* Pods-OuestGo.debug.xcconfig */ = {isa = PBXFileReference; includeInIndex = 1; lastKnownFileType = text.xcconfig; name = "Pods-OuestGo.debug.xcconfig"; path = "Pods/Target Support Files/Pods-OuestGo/Pods-OuestGo.debug.xcconfig"; sourceTree = "<group>"; };
		D2604CBD31BE67DFE9B4C5F1 /* Pods-MobiSDIS.debug.xcconfig */ = {isa = PBXFileReference; includeInIndex = 1; lastKnownFileType = text.xcconfig; name = "Pods-MobiSDIS.debug.xcconfig"; path = "Pods/Target Support Files/Pods-MobiSDIS/Pods-MobiSDIS.debug.xcconfig"; sourceTree = "<group>"; };
		D2760C47EBECE89231B0F56F /* Pods-MobiSDIS.release.xcconfig */ = {isa = PBXFileReference; includeInIndex = 1; lastKnownFileType = text.xcconfig; name = "Pods-MobiSDIS.release.xcconfig"; path = "Pods/Target Support Files/Pods-MobiSDIS/Pods-MobiSDIS.release.xcconfig"; sourceTree = "<group>"; };
		E67C0BAF98B68423BB4EBEF2 /* Pods_PassPass.framework */ = {isa = PBXFileReference; explicitFileType = wrapper.framework; includeInIndex = 0; path = Pods_PassPass.framework; sourceTree = BUILT_PRODUCTS_DIR; };
		F13E884ADDDCBC572AFDB82C /* Pods-Picholines.debug.xcconfig */ = {isa = PBXFileReference; includeInIndex = 1; lastKnownFileType = text.xcconfig; name = "Pods-Picholines.debug.xcconfig"; path = "Pods/Target Support Files/Pods-Picholines/Pods-Picholines.debug.xcconfig"; sourceTree = "<group>"; };
		F33704986AE6AF2027236CEE /* Pods_MobiSDIS.framework */ = {isa = PBXFileReference; explicitFileType = wrapper.framework; includeInIndex = 0; path = Pods_MobiSDIS.framework; sourceTree = BUILT_PRODUCTS_DIR; };
/* End PBXFileReference section */

/* Begin PBXFrameworksBuildPhase section */
		504EC3011FED79650016851F /* Frameworks */ = {
			isa = PBXFrameworksBuildPhase;
			buildActionMask = 2147483647;
			files = (
				A084ECDBA7D38E1E42DFC39D /* (null) in Frameworks */,
				7E58C2DFAF4A614EC197C59C /* Pods_App.framework in Frameworks */,
			);
			runOnlyForDeploymentPostprocessing = 0;
		};
		816F3EB6242CE44D0015981B /* Frameworks */ = {
			isa = PBXFrameworksBuildPhase;
			buildActionMask = 2147483647;
			files = (
				41296B647F9E31E04E9F6260 /* (null) in Frameworks */,
				56686892599CFA0CE31314D3 /* Pods_Picholines.framework in Frameworks */,
			);
			runOnlyForDeploymentPostprocessing = 0;
		};
		8179D01325594FBC00980C4C /* Frameworks */ = {
			isa = PBXFrameworksBuildPhase;
			buildActionMask = 2147483647;
			files = (
				F84AAED9E07AF2844C1EF3C0 /* Pods_MobiSDIS.framework in Frameworks */,
			);
			runOnlyForDeploymentPostprocessing = 0;
		};
		817E8CBE24644BAB0060A3B8 /* Frameworks */ = {
			isa = PBXFrameworksBuildPhase;
			buildActionMask = 2147483647;
			files = (
				77397E46349C1B24E780CD04 /* Pods_Grand_Lyon.framework in Frameworks */,
			);
			runOnlyForDeploymentPostprocessing = 0;
		};
		81A5BD5024ADDD9C00F13A16 /* Frameworks */ = {
			isa = PBXFrameworksBuildPhase;
			buildActionMask = 2147483647;
			files = (
				0018801505260CC481FB55A1 /* (null) in Frameworks */,
				0349135023F5DA80AC9BA366 /* Pods_Txik_Txak.framework in Frameworks */,
			);
			runOnlyForDeploymentPostprocessing = 0;
		};
		81AC96EF24226D6300C2029E /* Frameworks */ = {
			isa = PBXFrameworksBuildPhase;
			buildActionMask = 2147483647;
			files = (
				4F7D059C945AA861F16E7806 /* (null) in Frameworks */,
				6A2E24577BC25BAA01CE7560 /* Pods_OuestGo.framework in Frameworks */,
			);
			runOnlyForDeploymentPostprocessing = 0;
		};
		81AC97072422758500C2029E /* Frameworks */ = {
			isa = PBXFrameworksBuildPhase;
			buildActionMask = 2147483647;
			files = (
				C4931EAFBB76EA38FDF8219C /* (null) in Frameworks */,
				DE57FEB27618795EC4ED528B /* Pods_Movici.framework in Frameworks */,
			);
			runOnlyForDeploymentPostprocessing = 0;
		};
		81B68634243F6CC200A2FBC5 /* Frameworks */ = {
			isa = PBXFrameworksBuildPhase;
			buildActionMask = 2147483647;
			files = (
				D2DE11C465D056F6074C85A7 /* Pods_PassPass.framework in Frameworks */,
				FBB8703E1E907137FFBC3E17 /* Pods_PassPass.framework in Frameworks */,
			);
			runOnlyForDeploymentPostprocessing = 0;
		};
		81B6864D243F752800A2FBC5 /* Frameworks */ = {
			isa = PBXFrameworksBuildPhase;
			buildActionMask = 2147483647;
			files = (
			);
			runOnlyForDeploymentPostprocessing = 0;
		};
/* End PBXFrameworksBuildPhase section */

/* Begin PBXGroup section */
		27E2DDA53C4D2A4D1A88CE4A /* Frameworks */ = {
			isa = PBXGroup;
			children = (
				8112C870242CF1040081909B /* Cordova.framework */,
				8112C86D242CF0FE0081909B /* Capacitor.framework */,
				582D0F00A9C256EA7C0CC948 /* Pods_App.framework */,
				E67C0BAF98B68423BB4EBEF2 /* Pods_PassPass.framework */,
				1C0A7723EDE94964338E0AC5 /* Pods_Movici.framework */,
				7A553FBCF5C28BB918961DC1 /* Pods_Grand_Lyon.framework */,
				091659A8431A7FE1B6092F40 /* Pods_OuestGo.framework */,
				4E1A3E21558115DD8FBC05BA /* Pods_Picholines.framework */,
				F33704986AE6AF2027236CEE /* Pods_MobiSDIS.framework */,
				8D78B1B9C94FCF272DEA7743 /* Pods_Txik_Txak.framework */,
			);
			name = Frameworks;
			sourceTree = "<group>";
		};
		504EC2FB1FED79650016851F = {
			isa = PBXGroup;
			children = (
				812ABAC1246D835E00DC9A9D /* Grand Lyon.entitlements */,
				812ABAC0246D835500DC9A9D /* PassPass.entitlements */,
				812ABABF246D834B00DC9A9D /* Picholines.entitlements */,
				812ABABE246D834100DC9A9D /* OuestGo.entitlements */,
				812ABABD246D833500DC9A9D /* Mobicoop.entitlements */,
				812ABABC246D828400DC9A9D /* Movici.entitlements */,
				504EC3061FED79650016851F /* App */,
				504EC3051FED79650016851F /* Products */,
				7F8756D8B27F46E3366F6CEA /* Pods */,
				27E2DDA53C4D2A4D1A88CE4A /* Frameworks */,
			);
			sourceTree = "<group>";
		};
		504EC3051FED79650016851F /* Products */ = {
			isa = PBXGroup;
			children = (
				504EC3041FED79650016851F /* App.app */,
				81AC96FC24226D6300C2029E /* OuestGo.app */,
				81AC97152422758500C2029E /* Movici.app */,
				816F3EC5242CE44D0015981B /* Picholines.app */,
				81B68643243F6CC200A2FBC5 /* PassPass.app */,
				81B6865C243F752800A2FBC5 /* Mobicoop.app */,
				817E8CCD24644BAB0060A3B8 /* Grand Lyon.app */,
				81A5BD6024ADDD9C00F13A16 /* Txik Txak.app */,
				8179D02425594FBC00980C4C /* MobiSDIS.app */,
			);
			name = Products;
			sourceTree = "<group>";
		};
		504EC3061FED79650016851F /* App */ = {
			isa = PBXGroup;
			children = (
				50379B222058CBB4000EE86E /* capacitor.config.json */,
				504EC3071FED79650016851F /* AppDelegate.swift */,
				504EC30B1FED79650016851F /* Main.storyboard */,
				504EC30E1FED79650016851F /* Assets.xcassets */,
				81B6865F243F755D00A2FBC5 /* MobicoopAssets.xcassets */,
				81AC970024226F5B00C2029E /* OuestGoAssets.xcassets */,
				81AC9717242276EC00C2029E /* MoviciAssets.xcassets */,
				816F3EC7242CE4AA0015981B /* PicholinesAssets.xcassets */,
				81B68645243F6D0500A2FBC5 /* PassPassAssets.xcassets */,
				817E8CD024644CB50060A3B8 /* GrandLyonAssets.xcassets */,
				81A5BD6324ADDEB700F13A16 /* TxikTxakAssets.xcassets */,
				8179D042255950EE00980C4C /* MobiSDISAssets.xcassets */,
				504EC3101FED79650016851F /* LaunchScreen.storyboard */,
				504EC3131FED79650016851F /* Info.plist */,
				81B6865D243F752900A2FBC5 /* Mobicoop-Info.plist */,
				81AC96FD24226D6300C2029E /* OuestGo-Info.plist */,
				81AC97162422758500C2029E /* Movici-Info.plist */,
				816F3EC6242CE44E0015981B /* Picholines-Info.plist */,
				81B68644243F6CC300A2FBC5 /* PassPass-Info.plist */,
				817E8CCE24644BAB0060A3B8 /* GrandLyon-Info.plist */,
				81A5BD6124ADDD9D00F13A16 /* TxikTxak-Info.plist */,
				8179D02525594FBD00980C4C /* MobiSDIS-Info.plist */,
				812ABABA246D7D0C00DC9A9D /* GoogleService-Info-Movici.plist */,
				81BE23E72472DB4C0073D645 /* GoogleService-Info-OuestGo.plist */,
				8133F59F25012CD1008D2490 /* GoogleService-Info-Grand Lyon.plist */,
				81BE23E12472DB1F0073D645 /* GoogleService-Info-PassPass.plist */,
				81BE23E52472DB430073D645 /* GoogleService-Info-Picholines.plist */,
				81A5BD6524ADEAFE00F13A16 /* GoogleService-Info-Txik Txak.plist */,
				8179D056255954CA00980C4C /* GoogleService-Info-MobiSDIS.plist */,
				2FAD9762203C412B000D30F8 /* config.xml */,
				50B271D01FEDC1A000F3C39B /* public */,
			);
			path = App;
			sourceTree = "<group>";
		};
		7F8756D8B27F46E3366F6CEA /* Pods */ = {
			isa = PBXGroup;
			children = (
				902C98C63362C39935A4385D /* Pods-App.debug.xcconfig */,
				0DCB504F9C147B414BE8E772 /* Pods-App.release.xcconfig */,
				B5B1B0CD92260C1F49F7FC15 /* Pods-Movici.debug.xcconfig */,
				2273C20040C7C6A037A18D79 /* Pods-Movici.release.xcconfig */,
				D12368848BA50F09F7676E42 /* Pods-OuestGo.debug.xcconfig */,
				48879B0654E0117D90BA6767 /* Pods-OuestGo.release.xcconfig */,
				F13E884ADDDCBC572AFDB82C /* Pods-Picholines.debug.xcconfig */,
				015B17DD3DE27CDFE48FBFD6 /* Pods-Picholines.release.xcconfig */,
				64855E3DA1BC17FEE445B813 /* Pods-PassPass.debug.xcconfig */,
				A499D109DE77C321FA5AACC2 /* Pods-PassPass.release.xcconfig */,
				9E57571C9F54CFB5A21ACEC6 /* Pods-Grand Lyon.debug.xcconfig */,
				7BBE58283A12DB0FB19374C2 /* Pods-Grand Lyon.release.xcconfig */,
				8B18C8B8C502A53E11D9DE0A /* Pods-Txik Txak.debug.xcconfig */,
				9719F8E8F3D1EDB7EAC3A603 /* Pods-Txik Txak.release.xcconfig */,
				D2604CBD31BE67DFE9B4C5F1 /* Pods-MobiSDIS.debug.xcconfig */,
				D2760C47EBECE89231B0F56F /* Pods-MobiSDIS.release.xcconfig */,
			);
			name = Pods;
			sourceTree = "<group>";
		};
/* End PBXGroup section */

/* Begin PBXNativeTarget section */
		504EC3031FED79650016851F /* App */ = {
			isa = PBXNativeTarget;
			buildConfigurationList = 504EC3161FED79650016851F /* Build configuration list for PBXNativeTarget "App" */;
			buildPhases = (
				6634F4EFEBD30273BCE97C65 /* [CP] Check Pods Manifest.lock */,
				504EC3001FED79650016851F /* Sources */,
				504EC3011FED79650016851F /* Frameworks */,
				504EC3021FED79650016851F /* Resources */,
				9592DBEFFC6D2A0C8D5DEB22 /* [CP] Embed Pods Frameworks */,
				EB69A2A45E63935ACD0A3879 /* [CP] Copy Pods Resources */,
			);
			buildRules = (
			);
			dependencies = (
			);
			name = App;
			productName = App;
			productReference = 504EC3041FED79650016851F /* App.app */;
			productType = "com.apple.product-type.application";
		};
		816F3EB2242CE44D0015981B /* Picholines */ = {
			isa = PBXNativeTarget;
			buildConfigurationList = 816F3EC2242CE44D0015981B /* Build configuration list for PBXNativeTarget "Picholines" */;
			buildPhases = (
				42EB3C52B47EA2209894F687 /* [CP] Check Pods Manifest.lock */,
				816F3EB4242CE44D0015981B /* Sources */,
				816F3EB6242CE44D0015981B /* Frameworks */,
				816F3EB8242CE44D0015981B /* Resources */,
				816F3EC1242CE44D0015981B /* Scheme Control Script */,
				8112C876242CF2290081909B /* [CP] Embed Pods Frameworks */,
				090CA9A5FE7327CB3E023E2A /* [CP] Copy Pods Resources */,
			);
			buildRules = (
			);
			dependencies = (
			);
			name = Picholines;
			productName = App;
			productReference = 816F3EC5242CE44D0015981B /* Picholines.app */;
			productType = "com.apple.product-type.application";
		};
		8179D00F25594FBC00980C4C /* MobiSDIS */ = {
			isa = PBXNativeTarget;
			buildConfigurationList = 8179D02125594FBC00980C4C /* Build configuration list for PBXNativeTarget "MobiSDIS" */;
			buildPhases = (
				8179D01025594FBC00980C4C /* [CP] Check Pods Manifest.lock */,
				8179D01125594FBC00980C4C /* Sources */,
				8179D01325594FBC00980C4C /* Frameworks */,
				8179D01525594FBC00980C4C /* Resources */,
				8179D01E25594FBC00980C4C /* Scheme Control Script */,
				8179D01F25594FBC00980C4C /* [CP] Embed Pods Frameworks */,
				8179D02025594FBC00980C4C /* [CP] Copy Pods Resources */,
			);
			buildRules = (
			);
			dependencies = (
			);
			name = MobiSDIS;
			productName = App;
			productReference = 8179D02425594FBC00980C4C /* MobiSDIS.app */;
			productType = "com.apple.product-type.application";
		};
		817E8CBA24644BAB0060A3B8 /* Grand Lyon */ = {
			isa = PBXNativeTarget;
			buildConfigurationList = 817E8CCA24644BAB0060A3B8 /* Build configuration list for PBXNativeTarget "Grand Lyon" */;
			buildPhases = (
				817E8CBB24644BAB0060A3B8 /* [CP] Check Pods Manifest.lock */,
				817E8CBC24644BAB0060A3B8 /* Sources */,
				817E8CBE24644BAB0060A3B8 /* Frameworks */,
				817E8CC024644BAB0060A3B8 /* Resources */,
				817E8CC824644BAB0060A3B8 /* Scheme Control Script */,
				817E8CC924644BAB0060A3B8 /* [CP] Embed Pods Frameworks */,
				A7AF2523C0740380998CB20D /* [CP] Copy Pods Resources */,
			);
			buildRules = (
			);
			dependencies = (
			);
			name = "Grand Lyon";
			productName = App;
			productReference = 817E8CCD24644BAB0060A3B8 /* Grand Lyon.app */;
			productType = "com.apple.product-type.application";
		};
		81A5BD4C24ADDD9C00F13A16 /* Txik Txak */ = {
			isa = PBXNativeTarget;
			buildConfigurationList = 81A5BD5D24ADDD9C00F13A16 /* Build configuration list for PBXNativeTarget "Txik Txak" */;
			buildPhases = (
				81A5BD4D24ADDD9C00F13A16 /* [CP] Check Pods Manifest.lock */,
				81A5BD4E24ADDD9C00F13A16 /* Sources */,
				81A5BD5024ADDD9C00F13A16 /* Frameworks */,
				81A5BD5224ADDD9C00F13A16 /* Resources */,
				81A5BD5B24ADDD9C00F13A16 /* Scheme Control Script */,
				81A5BD5C24ADDD9C00F13A16 /* [CP] Embed Pods Frameworks */,
				5B8C4013E63843ADCEFE8ED3 /* [CP] Copy Pods Resources */,
			);
			buildRules = (
			);
			dependencies = (
			);
			name = "Txik Txak";
			productName = App;
			productReference = 81A5BD6024ADDD9C00F13A16 /* Txik Txak.app */;
			productType = "com.apple.product-type.application";
		};
		81AC96EB24226D6300C2029E /* OuestGo */ = {
			isa = PBXNativeTarget;
			buildConfigurationList = 81AC96F924226D6300C2029E /* Build configuration list for PBXNativeTarget "OuestGo" */;
			buildPhases = (
				B49877455BDD4FAE0212CB69 /* [CP] Check Pods Manifest.lock */,
				81AC96ED24226D6300C2029E /* Sources */,
				81AC96EF24226D6300C2029E /* Frameworks */,
				81AC96F124226D6300C2029E /* Resources */,
				81D08C5C2424E3A1002CDB49 /* Scheme Control Script */,
				8112C874242CF2160081909B /* [CP] Embed Pods Frameworks */,
				8656736F827FF8C6017A2225 /* [CP] Copy Pods Resources */,
			);
			buildRules = (
			);
			dependencies = (
			);
			name = OuestGo;
			productName = App;
			productReference = 81AC96FC24226D6300C2029E /* OuestGo.app */;
			productType = "com.apple.product-type.application";
		};
		81AC97032422758500C2029E /* Movici */ = {
			isa = PBXNativeTarget;
			buildConfigurationList = 81AC97122422758500C2029E /* Build configuration list for PBXNativeTarget "Movici" */;
			buildPhases = (
				574297D52FDF59187FCE7B59 /* [CP] Check Pods Manifest.lock */,
				81AC97052422758500C2029E /* Sources */,
				81AC97072422758500C2029E /* Frameworks */,
				81AC97092422758500C2029E /* Resources */,
				81D08C5B2424DBFC002CDB49 /* Scheme Control Script */,
				8112C875242CF2220081909B /* [CP] Embed Pods Frameworks */,
				F4D2120E3E13380F26361FD5 /* [CP] Copy Pods Resources */,
			);
			buildRules = (
			);
			dependencies = (
			);
			name = Movici;
			productName = App;
			productReference = 81AC97152422758500C2029E /* Movici.app */;
			productType = "com.apple.product-type.application";
		};
		81B68630243F6CC200A2FBC5 /* PassPass */ = {
			isa = PBXNativeTarget;
			buildConfigurationList = 81B68640243F6CC200A2FBC5 /* Build configuration list for PBXNativeTarget "PassPass" */;
			buildPhases = (
				81B68631243F6CC200A2FBC5 /* [CP] Check Pods Manifest.lock */,
				81B68632243F6CC200A2FBC5 /* Sources */,
				81B68634243F6CC200A2FBC5 /* Frameworks */,
				81B68636243F6CC200A2FBC5 /* Resources */,
				81B6863E243F6CC200A2FBC5 /* Scheme Control Script */,
				81B6863F243F6CC200A2FBC5 /* [CP] Embed Pods Frameworks */,
				59D55DD06B5026413EC607B2 /* [CP] Copy Pods Resources */,
			);
			buildRules = (
			);
			dependencies = (
			);
			name = PassPass;
			productName = App;
			productReference = 81B68643243F6CC200A2FBC5 /* PassPass.app */;
			productType = "com.apple.product-type.application";
		};
		81B68649243F752800A2FBC5 /* Mobicoop */ = {
			isa = PBXNativeTarget;
			buildConfigurationList = 81B68659243F752800A2FBC5 /* Build configuration list for PBXNativeTarget "Mobicoop" */;
			buildPhases = (
				81B6864B243F752800A2FBC5 /* Sources */,
				81B6864D243F752800A2FBC5 /* Frameworks */,
				81B6864F243F752800A2FBC5 /* Resources */,
				81B68657243F752800A2FBC5 /* Scheme Control Script */,
			);
			buildRules = (
			);
			dependencies = (
			);
			name = Mobicoop;
			productName = App;
			productReference = 81B6865C243F752800A2FBC5 /* Mobicoop.app */;
			productType = "com.apple.product-type.application";
		};
/* End PBXNativeTarget section */

/* Begin PBXProject section */
		504EC2FC1FED79650016851F /* Project object */ = {
			isa = PBXProject;
			attributes = {
				LastSwiftUpdateCheck = 0920;
				LastUpgradeCheck = 0920;
				TargetAttributes = {
					504EC3031FED79650016851F = {
						CreatedOnToolsVersion = 9.2;
						ProvisioningStyle = Automatic;
					};
					816F3EB2242CE44D0015981B = {
						ProvisioningStyle = Automatic;
					};
					817E8CBA24644BAB0060A3B8 = {
						ProvisioningStyle = Automatic;
					};
					81A5BD4C24ADDD9C00F13A16 = {
						ProvisioningStyle = Automatic;
					};
					81AC96EB24226D6300C2029E = {
						ProvisioningStyle = Automatic;
					};
					81AC97032422758500C2029E = {
						ProvisioningStyle = Automatic;
					};
					81B68630243F6CC200A2FBC5 = {
						ProvisioningStyle = Automatic;
					};
					81B68649243F752800A2FBC5 = {
						ProvisioningStyle = Automatic;
					};
				};
			};
			buildConfigurationList = 504EC2FF1FED79650016851F /* Build configuration list for PBXProject "App" */;
			compatibilityVersion = "Xcode 9.3";
			developmentRegion = en;
			hasScannedForEncodings = 0;
			knownRegions = (
				en,
				Base,
			);
			mainGroup = 504EC2FB1FED79650016851F;
			productRefGroup = 504EC3051FED79650016851F /* Products */;
			projectDirPath = "";
			projectRoot = "";
			targets = (
				504EC3031FED79650016851F /* App */,
				81B68649243F752800A2FBC5 /* Mobicoop */,
				81AC96EB24226D6300C2029E /* OuestGo */,
				81AC97032422758500C2029E /* Movici */,
				816F3EB2242CE44D0015981B /* Picholines */,
				81B68630243F6CC200A2FBC5 /* PassPass */,
				817E8CBA24644BAB0060A3B8 /* Grand Lyon */,
				81A5BD4C24ADDD9C00F13A16 /* Txik Txak */,
				8179D00F25594FBC00980C4C /* MobiSDIS */,
			);
		};
/* End PBXProject section */

/* Begin PBXResourcesBuildPhase section */
		504EC3021FED79650016851F /* Resources */ = {
			isa = PBXResourcesBuildPhase;
			buildActionMask = 2147483647;
			files = (
				504EC3121FED79650016851F /* LaunchScreen.storyboard in Resources */,
				50B271D11FEDC1A000F3C39B /* public in Resources */,
				504EC30F1FED79650016851F /* Assets.xcassets in Resources */,
				50379B232058CBB4000EE86E /* capacitor.config.json in Resources */,
				504EC30D1FED79650016851F /* Main.storyboard in Resources */,
				2FAD9763203C412B000D30F8 /* config.xml in Resources */,
				81AC96FF24226F0D00C2029E /* Info.plist in Resources */,
			);
			runOnlyForDeploymentPostprocessing = 0;
		};
		816F3EB8242CE44D0015981B /* Resources */ = {
			isa = PBXResourcesBuildPhase;
			buildActionMask = 2147483647;
			files = (
				816F3EB9242CE44D0015981B /* LaunchScreen.storyboard in Resources */,
				816F3EBA242CE44D0015981B /* public in Resources */,
				816F3EBC242CE44D0015981B /* capacitor.config.json in Resources */,
				816F3EBD242CE44D0015981B /* Main.storyboard in Resources */,
				816F3EC9242CE4B20015981B /* PicholinesAssets.xcassets in Resources */,
				816F3ECA242CE5B10015981B /* Picholines-Info.plist in Resources */,
				816F3EBF242CE44D0015981B /* config.xml in Resources */,
				81BE23E62472DB430073D645 /* GoogleService-Info-Picholines.plist in Resources */,
			);
			runOnlyForDeploymentPostprocessing = 0;
		};
		8179D01525594FBC00980C4C /* Resources */ = {
			isa = PBXResourcesBuildPhase;
			buildActionMask = 2147483647;
			files = (
				8179D01625594FBC00980C4C /* GoogleService-Info-Txik Txak.plist in Resources */,
				8179D01725594FBC00980C4C /* LaunchScreen.storyboard in Resources */,
				8179D01825594FBC00980C4C /* public in Resources */,
				8179D01925594FBC00980C4C /* capacitor.config.json in Resources */,
				8179D01A25594FBC00980C4C /* Main.storyboard in Resources */,
				8179D0382559509500980C4C /* MobiSDIS-Info.plist in Resources */,
				8179D01C25594FBC00980C4C /* TxikTxak-Info.plist in Resources */,
				8179D043255950EE00980C4C /* MobiSDISAssets.xcassets in Resources */,
				8179D01D25594FBC00980C4C /* config.xml in Resources */,
				8179D057255954CA00980C4C /* GoogleService-Info-MobiSDIS.plist in Resources */,
			);
			runOnlyForDeploymentPostprocessing = 0;
		};
		817E8CC024644BAB0060A3B8 /* Resources */ = {
			isa = PBXResourcesBuildPhase;
			buildActionMask = 2147483647;
			files = (
				817E8CC124644BAB0060A3B8 /* LaunchScreen.storyboard in Resources */,
				817E8CC224644BAB0060A3B8 /* public in Resources */,
				817E8CC324644BAB0060A3B8 /* capacitor.config.json in Resources */,
				817E8CC524644BAB0060A3B8 /* Main.storyboard in Resources */,
				817E8CC724644BAB0060A3B8 /* config.xml in Resources */,
				8133F5A025012CD1008D2490 /* GoogleService-Info-Grand Lyon.plist in Resources */,
				817E8CCF24644C7B0060A3B8 /* GrandLyon-Info.plist in Resources */,
				817E8CD224644CC80060A3B8 /* GrandLyonAssets.xcassets in Resources */,
			);
			runOnlyForDeploymentPostprocessing = 0;
		};
		81A5BD5224ADDD9C00F13A16 /* Resources */ = {
			isa = PBXResourcesBuildPhase;
			buildActionMask = 2147483647;
			files = (
				81A5BD6624ADEAFF00F13A16 /* GoogleService-Info-Txik Txak.plist in Resources */,
				81A5BD5324ADDD9C00F13A16 /* LaunchScreen.storyboard in Resources */,
				81A5BD5424ADDD9C00F13A16 /* public in Resources */,
				81A5BD5524ADDD9C00F13A16 /* capacitor.config.json in Resources */,
				81A5BD5624ADDD9C00F13A16 /* Main.storyboard in Resources */,
				81A5BD6424ADDEB700F13A16 /* TxikTxakAssets.xcassets in Resources */,
				81A5BD6224ADDE0B00F13A16 /* TxikTxak-Info.plist in Resources */,
				81A5BD5924ADDD9C00F13A16 /* config.xml in Resources */,
			);
			runOnlyForDeploymentPostprocessing = 0;
		};
		81AC96F124226D6300C2029E /* Resources */ = {
			isa = PBXResourcesBuildPhase;
			buildActionMask = 2147483647;
			files = (
				81BE23E82472DB4D0073D645 /* GoogleService-Info-OuestGo.plist in Resources */,
				81AC96F224226D6300C2029E /* LaunchScreen.storyboard in Resources */,
				81AC96F324226D6300C2029E /* public in Resources */,
				81AC96F524226D6300C2029E /* capacitor.config.json in Resources */,
				81AC96FE24226F0700C2029E /* OuestGo-Info.plist in Resources */,
				81AC96F624226D6300C2029E /* Main.storyboard in Resources */,
				81AC970224226F6200C2029E /* OuestGoAssets.xcassets in Resources */,
				81AC96F724226D6300C2029E /* config.xml in Resources */,
			);
			runOnlyForDeploymentPostprocessing = 0;
		};
		81AC97092422758500C2029E /* Resources */ = {
			isa = PBXResourcesBuildPhase;
			buildActionMask = 2147483647;
			files = (
				812ABABB246D7D0C00DC9A9D /* GoogleService-Info-Movici.plist in Resources */,
				81AC970A2422758500C2029E /* LaunchScreen.storyboard in Resources */,
				81AC970B2422758500C2029E /* public in Resources */,
				81AC9719242276F500C2029E /* Movici-Info.plist in Resources */,
				81AC970D2422758500C2029E /* capacitor.config.json in Resources */,
				81AC970E2422758500C2029E /* Main.storyboard in Resources */,
				81AC971A242276FD00C2029E /* MoviciAssets.xcassets in Resources */,
				81AC970F2422758500C2029E /* config.xml in Resources */,
			);
			runOnlyForDeploymentPostprocessing = 0;
		};
		81B68636243F6CC200A2FBC5 /* Resources */ = {
			isa = PBXResourcesBuildPhase;
			buildActionMask = 2147483647;
			files = (
				81B68662243F759100A2FBC5 /* PassPassAssets.xcassets in Resources */,
				81B68637243F6CC200A2FBC5 /* LaunchScreen.storyboard in Resources */,
				81B68648243F6D0F00A2FBC5 /* PassPass-Info.plist in Resources */,
				81B68638243F6CC200A2FBC5 /* public in Resources */,
				81B6863A243F6CC200A2FBC5 /* capacitor.config.json in Resources */,
				81B6863B243F6CC200A2FBC5 /* Main.storyboard in Resources */,
				81B6863D243F6CC200A2FBC5 /* config.xml in Resources */,
				81BE23E22472DB200073D645 /* GoogleService-Info-PassPass.plist in Resources */,
			);
			runOnlyForDeploymentPostprocessing = 0;
		};
		81B6864F243F752800A2FBC5 /* Resources */ = {
			isa = PBXResourcesBuildPhase;
			buildActionMask = 2147483647;
			files = (
				81B68650243F752800A2FBC5 /* LaunchScreen.storyboard in Resources */,
				81B68652243F752800A2FBC5 /* public in Resources */,
				81B68661243F756300A2FBC5 /* MobicoopAssets.xcassets in Resources */,
				81B68653243F752800A2FBC5 /* capacitor.config.json in Resources */,
				81B68655243F752800A2FBC5 /* Main.storyboard in Resources */,
				81B6865E243F754400A2FBC5 /* Mobicoop-Info.plist in Resources */,
				81B68656243F752800A2FBC5 /* config.xml in Resources */,
			);
			runOnlyForDeploymentPostprocessing = 0;
		};
/* End PBXResourcesBuildPhase section */

/* Begin PBXShellScriptBuildPhase section */
		090CA9A5FE7327CB3E023E2A /* [CP] Copy Pods Resources */ = {
			isa = PBXShellScriptBuildPhase;
			buildActionMask = 2147483647;
			files = (
			);
			inputFileListPaths = (
			);
			name = "[CP] Copy Pods Resources";
			outputFileListPaths = (
			);
			runOnlyForDeploymentPostprocessing = 0;
			shellPath = /bin/sh;
			shellScript = "\"${PODS_ROOT}/Target Support Files/Pods-Picholines/Pods-Picholines-resources.sh\"\n";
			showEnvVarsInLog = 0;
		};
		42EB3C52B47EA2209894F687 /* [CP] Check Pods Manifest.lock */ = {
			isa = PBXShellScriptBuildPhase;
			buildActionMask = 2147483647;
			files = (
			);
			inputFileListPaths = (
			);
			inputPaths = (
				"${PODS_PODFILE_DIR_PATH}/Podfile.lock",
				"${PODS_ROOT}/Manifest.lock",
			);
			name = "[CP] Check Pods Manifest.lock";
			outputFileListPaths = (
			);
			outputPaths = (
				"$(DERIVED_FILE_DIR)/Pods-Picholines-checkManifestLockResult.txt",
			);
			runOnlyForDeploymentPostprocessing = 0;
			shellPath = /bin/sh;
			shellScript = "diff \"${PODS_PODFILE_DIR_PATH}/Podfile.lock\" \"${PODS_ROOT}/Manifest.lock\" > /dev/null\nif [ $? != 0 ] ; then\n    # print error to STDERR\n    echo \"error: The sandbox is not in sync with the Podfile.lock. Run 'pod install' or update your CocoaPods installation.\" >&2\n    exit 1\nfi\n# This output is used by Xcode 'outputs' to avoid re-running this script phase.\necho \"SUCCESS\" > \"${SCRIPT_OUTPUT_FILE_0}\"\n";
			showEnvVarsInLog = 0;
		};
		574297D52FDF59187FCE7B59 /* [CP] Check Pods Manifest.lock */ = {
			isa = PBXShellScriptBuildPhase;
			buildActionMask = 2147483647;
			files = (
			);
			inputFileListPaths = (
			);
			inputPaths = (
				"${PODS_PODFILE_DIR_PATH}/Podfile.lock",
				"${PODS_ROOT}/Manifest.lock",
			);
			name = "[CP] Check Pods Manifest.lock";
			outputFileListPaths = (
			);
			outputPaths = (
				"$(DERIVED_FILE_DIR)/Pods-Movici-checkManifestLockResult.txt",
			);
			runOnlyForDeploymentPostprocessing = 0;
			shellPath = /bin/sh;
			shellScript = "diff \"${PODS_PODFILE_DIR_PATH}/Podfile.lock\" \"${PODS_ROOT}/Manifest.lock\" > /dev/null\nif [ $? != 0 ] ; then\n    # print error to STDERR\n    echo \"error: The sandbox is not in sync with the Podfile.lock. Run 'pod install' or update your CocoaPods installation.\" >&2\n    exit 1\nfi\n# This output is used by Xcode 'outputs' to avoid re-running this script phase.\necho \"SUCCESS\" > \"${SCRIPT_OUTPUT_FILE_0}\"\n";
			showEnvVarsInLog = 0;
		};
		59D55DD06B5026413EC607B2 /* [CP] Copy Pods Resources */ = {
			isa = PBXShellScriptBuildPhase;
			buildActionMask = 2147483647;
			files = (
			);
			inputFileListPaths = (
			);
			name = "[CP] Copy Pods Resources";
			outputFileListPaths = (
			);
			runOnlyForDeploymentPostprocessing = 0;
			shellPath = /bin/sh;
			shellScript = "\"${PODS_ROOT}/Target Support Files/Pods-PassPass/Pods-PassPass-resources.sh\"\n";
			showEnvVarsInLog = 0;
		};
		5B8C4013E63843ADCEFE8ED3 /* [CP] Copy Pods Resources */ = {
			isa = PBXShellScriptBuildPhase;
			buildActionMask = 2147483647;
			files = (
			);
			inputFileListPaths = (
			);
			name = "[CP] Copy Pods Resources";
			outputFileListPaths = (
			);
			runOnlyForDeploymentPostprocessing = 0;
			shellPath = /bin/sh;
			shellScript = "\"${PODS_ROOT}/Target Support Files/Pods-Txik Txak/Pods-Txik Txak-resources.sh\"\n";
			showEnvVarsInLog = 0;
		};
		6634F4EFEBD30273BCE97C65 /* [CP] Check Pods Manifest.lock */ = {
			isa = PBXShellScriptBuildPhase;
			buildActionMask = 2147483647;
			files = (
			);
			inputPaths = (
				"${PODS_PODFILE_DIR_PATH}/Podfile.lock",
				"${PODS_ROOT}/Manifest.lock",
			);
			name = "[CP] Check Pods Manifest.lock";
			outputPaths = (
				"$(DERIVED_FILE_DIR)/Pods-App-checkManifestLockResult.txt",
			);
			runOnlyForDeploymentPostprocessing = 0;
			shellPath = /bin/sh;
			shellScript = "diff \"${PODS_PODFILE_DIR_PATH}/Podfile.lock\" \"${PODS_ROOT}/Manifest.lock\" > /dev/null\nif [ $? != 0 ] ; then\n    # print error to STDERR\n    echo \"error: The sandbox is not in sync with the Podfile.lock. Run 'pod install' or update your CocoaPods installation.\" >&2\n    exit 1\nfi\n# This output is used by Xcode 'outputs' to avoid re-running this script phase.\necho \"SUCCESS\" > \"${SCRIPT_OUTPUT_FILE_0}\"\n";
			showEnvVarsInLog = 0;
		};
		8112C874242CF2160081909B /* [CP] Embed Pods Frameworks */ = {
			isa = PBXShellScriptBuildPhase;
			buildActionMask = 2147483647;
			files = (
			);
			inputFileListPaths = (
			);
			name = "[CP] Embed Pods Frameworks";
			outputFileListPaths = (
			);
			runOnlyForDeploymentPostprocessing = 0;
			shellPath = /bin/sh;
			shellScript = "\"${PODS_ROOT}/Target Support Files/Pods-OuestGo/Pods-OuestGo-frameworks.sh\"\n";
			showEnvVarsInLog = 0;
		};
		8112C875242CF2220081909B /* [CP] Embed Pods Frameworks */ = {
			isa = PBXShellScriptBuildPhase;
			buildActionMask = 2147483647;
			files = (
			);
			inputFileListPaths = (
			);
			name = "[CP] Embed Pods Frameworks";
			outputFileListPaths = (
			);
			runOnlyForDeploymentPostprocessing = 0;
			shellPath = /bin/sh;
			shellScript = "\"${PODS_ROOT}/Target Support Files/Pods-Movici/Pods-Movici-frameworks.sh\"\n";
			showEnvVarsInLog = 0;
		};
		8112C876242CF2290081909B /* [CP] Embed Pods Frameworks */ = {
			isa = PBXShellScriptBuildPhase;
			buildActionMask = 2147483647;
			files = (
			);
			inputFileListPaths = (
			);
			name = "[CP] Embed Pods Frameworks";
			outputFileListPaths = (
			);
			runOnlyForDeploymentPostprocessing = 0;
			shellPath = /bin/sh;
			shellScript = "\"${PODS_ROOT}/Target Support Files/Pods-Picholines/Pods-Picholines-frameworks.sh\"\n";
			showEnvVarsInLog = 0;
		};
		816F3EC1242CE44D0015981B /* Scheme Control Script */ = {
			isa = PBXShellScriptBuildPhase;
			buildActionMask = 2147483647;
			files = (
			);
			inputFileListPaths = (
			);
			inputPaths = (
			);
			name = "Scheme Control Script";
			outputFileListPaths = (
			);
			outputPaths = (
			);
			runOnlyForDeploymentPostprocessing = 0;
			shellPath = /bin/sh;
			shellScript = "# Type a script or drag a script file from your workspace to insert its path.\nvalue=$(cat $SRCROOT/public/build.info)\necho \"$value\"\n\nif [ \"$value\" = \"picholines\" ]; \nthen\n    echo \"SCHEME OK\"\nelse\n    echo \"NOT GOOD SCHEME\"\n    exit 1\nfi;\n";
		};
		8179D01025594FBC00980C4C /* [CP] Check Pods Manifest.lock */ = {
			isa = PBXShellScriptBuildPhase;
			buildActionMask = 2147483647;
			files = (
			);
			inputFileListPaths = (
			);
			inputPaths = (
				"${PODS_PODFILE_DIR_PATH}/Podfile.lock",
				"${PODS_ROOT}/Manifest.lock",
			);
			name = "[CP] Check Pods Manifest.lock";
			outputFileListPaths = (
			);
			outputPaths = (
				"$(DERIVED_FILE_DIR)/Pods-MobiSDIS-checkManifestLockResult.txt",
			);
			runOnlyForDeploymentPostprocessing = 0;
			shellPath = /bin/sh;
			shellScript = "diff \"${PODS_PODFILE_DIR_PATH}/Podfile.lock\" \"${PODS_ROOT}/Manifest.lock\" > /dev/null\nif [ $? != 0 ] ; then\n    # print error to STDERR\n    echo \"error: The sandbox is not in sync with the Podfile.lock. Run 'pod install' or update your CocoaPods installation.\" >&2\n    exit 1\nfi\n# This output is used by Xcode 'outputs' to avoid re-running this script phase.\necho \"SUCCESS\" > \"${SCRIPT_OUTPUT_FILE_0}\"\n";
			showEnvVarsInLog = 0;
		};
		8179D01E25594FBC00980C4C /* Scheme Control Script */ = {
			isa = PBXShellScriptBuildPhase;
			buildActionMask = 2147483647;
			files = (
			);
			inputFileListPaths = (
			);
			inputPaths = (
			);
			name = "Scheme Control Script";
			outputFileListPaths = (
			);
			outputPaths = (
			);
			runOnlyForDeploymentPostprocessing = 0;
			shellPath = /bin/sh;
			shellScript = "# Type a script or drag a script file from your workspace to insert its path.\nvalue=$(cat $SRCROOT/public/build.info)\necho \"$value\"\n\nif [ \"$value\" = \"mobisdis\" ]; \nthen\n    echo \"SCHEME OK\"\nelse\n    echo \"NOT GOOD SCHEME\"\n    exit 1\nfi;\n";
		};
		8179D01F25594FBC00980C4C /* [CP] Embed Pods Frameworks */ = {
			isa = PBXShellScriptBuildPhase;
			buildActionMask = 2147483647;
			files = (
			);
			inputFileListPaths = (
			);
			name = "[CP] Embed Pods Frameworks";
			outputFileListPaths = (
			);
			runOnlyForDeploymentPostprocessing = 0;
			shellPath = /bin/sh;
			shellScript = "\"${PODS_ROOT}/Target Support Files/Pods-MobiSDIS/Pods-MobiSDIS-frameworks.sh\"\n";
			showEnvVarsInLog = 0;
		};
		8179D02025594FBC00980C4C /* [CP] Copy Pods Resources */ = {
			isa = PBXShellScriptBuildPhase;
			buildActionMask = 2147483647;
			files = (
			);
			inputFileListPaths = (
			);
			name = "[CP] Copy Pods Resources";
			outputFileListPaths = (
			);
			runOnlyForDeploymentPostprocessing = 0;
			shellPath = /bin/sh;
			shellScript = "\"${PODS_ROOT}/Target Support Files/Pods-MobiSDIS/Pods-MobiSDIS-resources.sh\"\n";
			showEnvVarsInLog = 0;
		};
		817E8CBB24644BAB0060A3B8 /* [CP] Check Pods Manifest.lock */ = {
			isa = PBXShellScriptBuildPhase;
			buildActionMask = 2147483647;
			files = (
			);
			inputFileListPaths = (
			);
			inputPaths = (
				"${PODS_PODFILE_DIR_PATH}/Podfile.lock",
				"${PODS_ROOT}/Manifest.lock",
			);
			name = "[CP] Check Pods Manifest.lock";
			outputFileListPaths = (
			);
			outputPaths = (
				"$(DERIVED_FILE_DIR)/Pods-Grand Lyon-checkManifestLockResult.txt",
			);
			runOnlyForDeploymentPostprocessing = 0;
			shellPath = /bin/sh;
			shellScript = "diff \"${PODS_PODFILE_DIR_PATH}/Podfile.lock\" \"${PODS_ROOT}/Manifest.lock\" > /dev/null\nif [ $? != 0 ] ; then\n    # print error to STDERR\n    echo \"error: The sandbox is not in sync with the Podfile.lock. Run 'pod install' or update your CocoaPods installation.\" >&2\n    exit 1\nfi\n# This output is used by Xcode 'outputs' to avoid re-running this script phase.\necho \"SUCCESS\" > \"${SCRIPT_OUTPUT_FILE_0}\"\n";
			showEnvVarsInLog = 0;
		};
		817E8CC824644BAB0060A3B8 /* Scheme Control Script */ = {
			isa = PBXShellScriptBuildPhase;
			buildActionMask = 2147483647;
			files = (
			);
			inputFileListPaths = (
			);
			inputPaths = (
			);
			name = "Scheme Control Script";
			outputFileListPaths = (
			);
			outputPaths = (
			);
			runOnlyForDeploymentPostprocessing = 0;
			shellPath = /bin/sh;
			shellScript = "# Type a script or drag a script file from your workspace to insert its path.\nvalue=$(cat $SRCROOT/public/build.info)\necho \"$value\"\n\nif [ \"$value\" = \"grandlyon\" ]; \nthen\n    echo \"SCHEME OK\"\nelse\n    echo \"NOT GOOD SCHEME\"\n    exit 1\nfi;\n";
		};
		817E8CC924644BAB0060A3B8 /* [CP] Embed Pods Frameworks */ = {
			isa = PBXShellScriptBuildPhase;
			buildActionMask = 2147483647;
			files = (
			);
			inputFileListPaths = (
			);
			name = "[CP] Embed Pods Frameworks";
			outputFileListPaths = (
			);
			runOnlyForDeploymentPostprocessing = 0;
			shellPath = /bin/sh;
			shellScript = "\"${PODS_ROOT}/Target Support Files/Pods-Grand Lyon/Pods-Grand Lyon-frameworks.sh\"\n";
			showEnvVarsInLog = 0;
		};
		81A5BD4D24ADDD9C00F13A16 /* [CP] Check Pods Manifest.lock */ = {
			isa = PBXShellScriptBuildPhase;
			buildActionMask = 2147483647;
			files = (
			);
			inputFileListPaths = (
			);
			inputPaths = (
				"${PODS_PODFILE_DIR_PATH}/Podfile.lock",
				"${PODS_ROOT}/Manifest.lock",
			);
			name = "[CP] Check Pods Manifest.lock";
			outputFileListPaths = (
			);
			outputPaths = (
				"$(DERIVED_FILE_DIR)/Pods-Txik Txak-checkManifestLockResult.txt",
			);
			runOnlyForDeploymentPostprocessing = 0;
			shellPath = /bin/sh;
			shellScript = "diff \"${PODS_PODFILE_DIR_PATH}/Podfile.lock\" \"${PODS_ROOT}/Manifest.lock\" > /dev/null\nif [ $? != 0 ] ; then\n    # print error to STDERR\n    echo \"error: The sandbox is not in sync with the Podfile.lock. Run 'pod install' or update your CocoaPods installation.\" >&2\n    exit 1\nfi\n# This output is used by Xcode 'outputs' to avoid re-running this script phase.\necho \"SUCCESS\" > \"${SCRIPT_OUTPUT_FILE_0}\"\n";
			showEnvVarsInLog = 0;
		};
		81A5BD5B24ADDD9C00F13A16 /* Scheme Control Script */ = {
			isa = PBXShellScriptBuildPhase;
			buildActionMask = 2147483647;
			files = (
			);
			inputFileListPaths = (
			);
			inputPaths = (
			);
			name = "Scheme Control Script";
			outputFileListPaths = (
			);
			outputPaths = (
			);
			runOnlyForDeploymentPostprocessing = 0;
			shellPath = /bin/sh;
			shellScript = "# Type a script or drag a script file from your workspace to insert its path.\nvalue=$(cat $SRCROOT/public/build.info)\necho \"$value\"\n\nif [ \"$value\" = \"txiktxak\" ]; \nthen\n    echo \"SCHEME OK\"\nelse\n    echo \"NOT GOOD SCHEME\"\n    exit 1\nfi;\n";
		};
		81A5BD5C24ADDD9C00F13A16 /* [CP] Embed Pods Frameworks */ = {
			isa = PBXShellScriptBuildPhase;
			buildActionMask = 2147483647;
			files = (
			);
			inputFileListPaths = (
			);
			name = "[CP] Embed Pods Frameworks";
			outputFileListPaths = (
			);
			runOnlyForDeploymentPostprocessing = 0;
			shellPath = /bin/sh;
			shellScript = "\"${PODS_ROOT}/Target Support Files/Pods-Txik Txak/Pods-Txik Txak-frameworks.sh\"\n";
			showEnvVarsInLog = 0;
		};
		81B68631243F6CC200A2FBC5 /* [CP] Check Pods Manifest.lock */ = {
			isa = PBXShellScriptBuildPhase;
			buildActionMask = 2147483647;
			files = (
			);
			inputFileListPaths = (
			);
			inputPaths = (
				"${PODS_PODFILE_DIR_PATH}/Podfile.lock",
				"${PODS_ROOT}/Manifest.lock",
			);
			name = "[CP] Check Pods Manifest.lock";
			outputFileListPaths = (
			);
			outputPaths = (
				"$(DERIVED_FILE_DIR)/Pods-PassPass-checkManifestLockResult.txt",
			);
			runOnlyForDeploymentPostprocessing = 0;
			shellPath = /bin/sh;
			shellScript = "diff \"${PODS_PODFILE_DIR_PATH}/Podfile.lock\" \"${PODS_ROOT}/Manifest.lock\" > /dev/null\nif [ $? != 0 ] ; then\n    # print error to STDERR\n    echo \"error: The sandbox is not in sync with the Podfile.lock. Run 'pod install' or update your CocoaPods installation.\" >&2\n    exit 1\nfi\n# This output is used by Xcode 'outputs' to avoid re-running this script phase.\necho \"SUCCESS\" > \"${SCRIPT_OUTPUT_FILE_0}\"\n";
			showEnvVarsInLog = 0;
		};
		81B6863E243F6CC200A2FBC5 /* Scheme Control Script */ = {
			isa = PBXShellScriptBuildPhase;
			buildActionMask = 2147483647;
			files = (
			);
			inputFileListPaths = (
			);
			inputPaths = (
			);
			name = "Scheme Control Script";
			outputFileListPaths = (
			);
			outputPaths = (
			);
			runOnlyForDeploymentPostprocessing = 0;
			shellPath = /bin/sh;
			shellScript = "# Type a script or drag a script file from your workspace to insert its path.\nvalue=$(cat $SRCROOT/public/build.info)\necho \"$value\"\n\nif [ \"$value\" = \"passpass\" ]; \nthen\n    echo \"SCHEME OK\"\nelse\n    echo \"NOT GOOD SCHEME\"\n    exit 1\nfi;\n";
		};
		81B6863F243F6CC200A2FBC5 /* [CP] Embed Pods Frameworks */ = {
			isa = PBXShellScriptBuildPhase;
			buildActionMask = 2147483647;
			files = (
			);
			inputFileListPaths = (
			);
			name = "[CP] Embed Pods Frameworks";
			outputFileListPaths = (
			);
			runOnlyForDeploymentPostprocessing = 0;
			shellPath = /bin/sh;
			shellScript = "\"${PODS_ROOT}/Target Support Files/Pods-PassPass/Pods-PassPass-frameworks.sh\"\n";
			showEnvVarsInLog = 0;
		};
		81B68657243F752800A2FBC5 /* Scheme Control Script */ = {
			isa = PBXShellScriptBuildPhase;
			buildActionMask = 2147483647;
			files = (
			);
			inputFileListPaths = (
			);
			inputPaths = (
			);
			name = "Scheme Control Script";
			outputFileListPaths = (
			);
			outputPaths = (
			);
			runOnlyForDeploymentPostprocessing = 0;
			shellPath = /bin/sh;
			shellScript = "# Type a script or drag a script file from your workspace to insert its path.\nvalue=$(cat $SRCROOT/public/build.info)\necho \"$value\"\n\nif [ \"$value\" = \"mobicoop\" ]; \nthen\n    echo \"SCHEME OK\"\nelse\n    echo \"NOT GOOD SCHEME\"\n    exit 1\nfi;\n";
		};
		81D08C5B2424DBFC002CDB49 /* Scheme Control Script */ = {
			isa = PBXShellScriptBuildPhase;
			buildActionMask = 2147483647;
			files = (
			);
			inputFileListPaths = (
			);
			inputPaths = (
			);
			name = "Scheme Control Script";
			outputFileListPaths = (
			);
			outputPaths = (
			);
			runOnlyForDeploymentPostprocessing = 0;
			shellPath = /bin/sh;
			shellScript = "# Type a script or drag a script file from your workspace to insert its path.\nvalue=$(cat $SRCROOT/public/build.info)\necho \"$value\"\n\nif [ \"$value\" = \"movici\" ]; \nthen\n    echo \"SCHEME OK\"\nelse\n    echo \"NOT GOOD SCHEME\"\n    exit 1\nfi;\n";
		};
		81D08C5C2424E3A1002CDB49 /* Scheme Control Script */ = {
			isa = PBXShellScriptBuildPhase;
			buildActionMask = 2147483647;
			files = (
			);
			inputFileListPaths = (
			);
			inputPaths = (
			);
			name = "Scheme Control Script";
			outputFileListPaths = (
			);
			outputPaths = (
			);
			runOnlyForDeploymentPostprocessing = 0;
			shellPath = /bin/sh;
			shellScript = "# Type a script or drag a script file from your workspace to insert its path.\nvalue=$(cat $SRCROOT/public/build.info)\necho \"$value\"\n\nif [ \"$value\" = \"ouestgo\" ]; \nthen\n    echo \"SCHEME OK\"\nelse\n    echo \"NOT GOOD SCHEME\"\n    exit 1\nfi;\n";
		};
		8656736F827FF8C6017A2225 /* [CP] Copy Pods Resources */ = {
			isa = PBXShellScriptBuildPhase;
			buildActionMask = 2147483647;
			files = (
			);
			inputFileListPaths = (
			);
			name = "[CP] Copy Pods Resources";
			outputFileListPaths = (
			);
			runOnlyForDeploymentPostprocessing = 0;
			shellPath = /bin/sh;
			shellScript = "\"${PODS_ROOT}/Target Support Files/Pods-OuestGo/Pods-OuestGo-resources.sh\"\n";
			showEnvVarsInLog = 0;
		};
		9592DBEFFC6D2A0C8D5DEB22 /* [CP] Embed Pods Frameworks */ = {
			isa = PBXShellScriptBuildPhase;
			buildActionMask = 2147483647;
			files = (
			);
			inputFileListPaths = (
			);
			name = "[CP] Embed Pods Frameworks";
			outputFileListPaths = (
			);
			runOnlyForDeploymentPostprocessing = 0;
			shellPath = /bin/sh;
			shellScript = "\"${PODS_ROOT}/Target Support Files/Pods-App/Pods-App-frameworks.sh\"\n";
			showEnvVarsInLog = 0;
		};
		A7AF2523C0740380998CB20D /* [CP] Copy Pods Resources */ = {
			isa = PBXShellScriptBuildPhase;
			buildActionMask = 2147483647;
			files = (
			);
			inputFileListPaths = (
			);
			name = "[CP] Copy Pods Resources";
			outputFileListPaths = (
			);
			runOnlyForDeploymentPostprocessing = 0;
			shellPath = /bin/sh;
			shellScript = "\"${PODS_ROOT}/Target Support Files/Pods-Grand Lyon/Pods-Grand Lyon-resources.sh\"\n";
			showEnvVarsInLog = 0;
		};
		B49877455BDD4FAE0212CB69 /* [CP] Check Pods Manifest.lock */ = {
			isa = PBXShellScriptBuildPhase;
			buildActionMask = 2147483647;
			files = (
			);
			inputFileListPaths = (
			);
			inputPaths = (
				"${PODS_PODFILE_DIR_PATH}/Podfile.lock",
				"${PODS_ROOT}/Manifest.lock",
			);
			name = "[CP] Check Pods Manifest.lock";
			outputFileListPaths = (
			);
			outputPaths = (
				"$(DERIVED_FILE_DIR)/Pods-OuestGo-checkManifestLockResult.txt",
			);
			runOnlyForDeploymentPostprocessing = 0;
			shellPath = /bin/sh;
			shellScript = "diff \"${PODS_PODFILE_DIR_PATH}/Podfile.lock\" \"${PODS_ROOT}/Manifest.lock\" > /dev/null\nif [ $? != 0 ] ; then\n    # print error to STDERR\n    echo \"error: The sandbox is not in sync with the Podfile.lock. Run 'pod install' or update your CocoaPods installation.\" >&2\n    exit 1\nfi\n# This output is used by Xcode 'outputs' to avoid re-running this script phase.\necho \"SUCCESS\" > \"${SCRIPT_OUTPUT_FILE_0}\"\n";
			showEnvVarsInLog = 0;
		};
		EB69A2A45E63935ACD0A3879 /* [CP] Copy Pods Resources */ = {
			isa = PBXShellScriptBuildPhase;
			buildActionMask = 2147483647;
			files = (
			);
			inputFileListPaths = (
			);
			name = "[CP] Copy Pods Resources";
			outputFileListPaths = (
			);
			runOnlyForDeploymentPostprocessing = 0;
			shellPath = /bin/sh;
			shellScript = "\"${PODS_ROOT}/Target Support Files/Pods-App/Pods-App-resources.sh\"\n";
			showEnvVarsInLog = 0;
		};
		F4D2120E3E13380F26361FD5 /* [CP] Copy Pods Resources */ = {
			isa = PBXShellScriptBuildPhase;
			buildActionMask = 2147483647;
			files = (
			);
			inputFileListPaths = (
			);
			name = "[CP] Copy Pods Resources";
			outputFileListPaths = (
			);
			runOnlyForDeploymentPostprocessing = 0;
			shellPath = /bin/sh;
			shellScript = "\"${PODS_ROOT}/Target Support Files/Pods-Movici/Pods-Movici-resources.sh\"\n";
			showEnvVarsInLog = 0;
		};
/* End PBXShellScriptBuildPhase section */

/* Begin PBXSourcesBuildPhase section */
		504EC3001FED79650016851F /* Sources */ = {
			isa = PBXSourcesBuildPhase;
			buildActionMask = 2147483647;
			files = (
				504EC3081FED79650016851F /* AppDelegate.swift in Sources */,
			);
			runOnlyForDeploymentPostprocessing = 0;
		};
		816F3EB4242CE44D0015981B /* Sources */ = {
			isa = PBXSourcesBuildPhase;
			buildActionMask = 2147483647;
			files = (
				816F3EB5242CE44D0015981B /* AppDelegate.swift in Sources */,
			);
			runOnlyForDeploymentPostprocessing = 0;
		};
		8179D01125594FBC00980C4C /* Sources */ = {
			isa = PBXSourcesBuildPhase;
			buildActionMask = 2147483647;
			files = (
				8179D01225594FBC00980C4C /* AppDelegate.swift in Sources */,
			);
			runOnlyForDeploymentPostprocessing = 0;
		};
		817E8CBC24644BAB0060A3B8 /* Sources */ = {
			isa = PBXSourcesBuildPhase;
			buildActionMask = 2147483647;
			files = (
				817E8CBD24644BAB0060A3B8 /* AppDelegate.swift in Sources */,
			);
			runOnlyForDeploymentPostprocessing = 0;
		};
		81A5BD4E24ADDD9C00F13A16 /* Sources */ = {
			isa = PBXSourcesBuildPhase;
			buildActionMask = 2147483647;
			files = (
				81A5BD4F24ADDD9C00F13A16 /* AppDelegate.swift in Sources */,
			);
			runOnlyForDeploymentPostprocessing = 0;
		};
		81AC96ED24226D6300C2029E /* Sources */ = {
			isa = PBXSourcesBuildPhase;
			buildActionMask = 2147483647;
			files = (
				81AC96EE24226D6300C2029E /* AppDelegate.swift in Sources */,
			);
			runOnlyForDeploymentPostprocessing = 0;
		};
		81AC97052422758500C2029E /* Sources */ = {
			isa = PBXSourcesBuildPhase;
			buildActionMask = 2147483647;
			files = (
				81AC97062422758500C2029E /* AppDelegate.swift in Sources */,
			);
			runOnlyForDeploymentPostprocessing = 0;
		};
		81B68632243F6CC200A2FBC5 /* Sources */ = {
			isa = PBXSourcesBuildPhase;
			buildActionMask = 2147483647;
			files = (
				81B68633243F6CC200A2FBC5 /* AppDelegate.swift in Sources */,
			);
			runOnlyForDeploymentPostprocessing = 0;
		};
		81B6864B243F752800A2FBC5 /* Sources */ = {
			isa = PBXSourcesBuildPhase;
			buildActionMask = 2147483647;
			files = (
				81B6864C243F752800A2FBC5 /* AppDelegate.swift in Sources */,
			);
			runOnlyForDeploymentPostprocessing = 0;
		};
/* End PBXSourcesBuildPhase section */

/* Begin PBXVariantGroup section */
		504EC30B1FED79650016851F /* Main.storyboard */ = {
			isa = PBXVariantGroup;
			children = (
				504EC30C1FED79650016851F /* Base */,
			);
			name = Main.storyboard;
			sourceTree = "<group>";
		};
		504EC3101FED79650016851F /* LaunchScreen.storyboard */ = {
			isa = PBXVariantGroup;
			children = (
				504EC3111FED79650016851F /* Base */,
			);
			name = LaunchScreen.storyboard;
			sourceTree = "<group>";
		};
/* End PBXVariantGroup section */

/* Begin XCBuildConfiguration section */
		504EC3141FED79650016851F /* Debug */ = {
			isa = XCBuildConfiguration;
			buildSettings = {
				ALWAYS_SEARCH_USER_PATHS = NO;
				CLANG_ANALYZER_NONNULL = YES;
				CLANG_ANALYZER_NUMBER_OBJECT_CONVERSION = YES_AGGRESSIVE;
				CLANG_CXX_LANGUAGE_STANDARD = "gnu++14";
				CLANG_CXX_LIBRARY = "libc++";
				CLANG_ENABLE_MODULES = YES;
				CLANG_ENABLE_OBJC_ARC = YES;
				CLANG_WARN_BLOCK_CAPTURE_AUTORELEASING = YES;
				CLANG_WARN_BOOL_CONVERSION = YES;
				CLANG_WARN_COMMA = YES;
				CLANG_WARN_CONSTANT_CONVERSION = YES;
				CLANG_WARN_DIRECT_OBJC_ISA_USAGE = YES_ERROR;
				CLANG_WARN_DOCUMENTATION_COMMENTS = YES;
				CLANG_WARN_EMPTY_BODY = YES;
				CLANG_WARN_ENUM_CONVERSION = YES;
				CLANG_WARN_INFINITE_RECURSION = YES;
				CLANG_WARN_INT_CONVERSION = YES;
				CLANG_WARN_NON_LITERAL_NULL_CONVERSION = YES;
				CLANG_WARN_OBJC_LITERAL_CONVERSION = YES;
				CLANG_WARN_OBJC_ROOT_CLASS = YES_ERROR;
				CLANG_WARN_RANGE_LOOP_ANALYSIS = YES;
				CLANG_WARN_STRICT_PROTOTYPES = YES;
				CLANG_WARN_SUSPICIOUS_MOVE = YES;
				CLANG_WARN_UNGUARDED_AVAILABILITY = YES_AGGRESSIVE;
				CLANG_WARN_UNREACHABLE_CODE = YES;
				CLANG_WARN__DUPLICATE_METHOD_MATCH = YES;
				CODE_SIGN_IDENTITY = "iPhone Developer";
				COPY_PHASE_STRIP = NO;
				DEBUG_INFORMATION_FORMAT = dwarf;
				ENABLE_STRICT_OBJC_MSGSEND = YES;
				ENABLE_TESTABILITY = YES;
				GCC_C_LANGUAGE_STANDARD = gnu11;
				GCC_DYNAMIC_NO_PIC = NO;
				GCC_NO_COMMON_BLOCKS = YES;
				GCC_OPTIMIZATION_LEVEL = 0;
				GCC_PREPROCESSOR_DEFINITIONS = (
					"DEBUG=1",
					"$(inherited)",
				);
				GCC_WARN_64_TO_32_BIT_CONVERSION = YES;
				GCC_WARN_ABOUT_RETURN_TYPE = YES_ERROR;
				GCC_WARN_UNDECLARED_SELECTOR = YES;
				GCC_WARN_UNINITIALIZED_AUTOS = YES_AGGRESSIVE;
				GCC_WARN_UNUSED_FUNCTION = YES;
				GCC_WARN_UNUSED_VARIABLE = YES;
				IPHONEOS_DEPLOYMENT_TARGET = 11.0;
				MTL_ENABLE_DEBUG_INFO = YES;
				ONLY_ACTIVE_ARCH = YES;
				SDKROOT = iphoneos;
				SWIFT_ACTIVE_COMPILATION_CONDITIONS = DEBUG;
				SWIFT_OPTIMIZATION_LEVEL = "-Onone";
			};
			name = Debug;
		};
		504EC3151FED79650016851F /* Release */ = {
			isa = XCBuildConfiguration;
			buildSettings = {
				ALWAYS_SEARCH_USER_PATHS = NO;
				CLANG_ANALYZER_NONNULL = YES;
				CLANG_ANALYZER_NUMBER_OBJECT_CONVERSION = YES_AGGRESSIVE;
				CLANG_CXX_LANGUAGE_STANDARD = "gnu++14";
				CLANG_CXX_LIBRARY = "libc++";
				CLANG_ENABLE_MODULES = YES;
				CLANG_ENABLE_OBJC_ARC = YES;
				CLANG_WARN_BLOCK_CAPTURE_AUTORELEASING = YES;
				CLANG_WARN_BOOL_CONVERSION = YES;
				CLANG_WARN_COMMA = YES;
				CLANG_WARN_CONSTANT_CONVERSION = YES;
				CLANG_WARN_DIRECT_OBJC_ISA_USAGE = YES_ERROR;
				CLANG_WARN_DOCUMENTATION_COMMENTS = YES;
				CLANG_WARN_EMPTY_BODY = YES;
				CLANG_WARN_ENUM_CONVERSION = YES;
				CLANG_WARN_INFINITE_RECURSION = YES;
				CLANG_WARN_INT_CONVERSION = YES;
				CLANG_WARN_NON_LITERAL_NULL_CONVERSION = YES;
				CLANG_WARN_OBJC_LITERAL_CONVERSION = YES;
				CLANG_WARN_OBJC_ROOT_CLASS = YES_ERROR;
				CLANG_WARN_RANGE_LOOP_ANALYSIS = YES;
				CLANG_WARN_STRICT_PROTOTYPES = YES;
				CLANG_WARN_SUSPICIOUS_MOVE = YES;
				CLANG_WARN_UNGUARDED_AVAILABILITY = YES_AGGRESSIVE;
				CLANG_WARN_UNREACHABLE_CODE = YES;
				CLANG_WARN__DUPLICATE_METHOD_MATCH = YES;
				CODE_SIGN_IDENTITY = "iPhone Developer";
				COPY_PHASE_STRIP = NO;
				DEBUG_INFORMATION_FORMAT = "dwarf-with-dsym";
				ENABLE_NS_ASSERTIONS = NO;
				ENABLE_STRICT_OBJC_MSGSEND = YES;
				GCC_C_LANGUAGE_STANDARD = gnu11;
				GCC_NO_COMMON_BLOCKS = YES;
				GCC_WARN_64_TO_32_BIT_CONVERSION = YES;
				GCC_WARN_ABOUT_RETURN_TYPE = YES_ERROR;
				GCC_WARN_UNDECLARED_SELECTOR = YES;
				GCC_WARN_UNINITIALIZED_AUTOS = YES_AGGRESSIVE;
				GCC_WARN_UNUSED_FUNCTION = YES;
				GCC_WARN_UNUSED_VARIABLE = YES;
				IPHONEOS_DEPLOYMENT_TARGET = 11.0;
				MTL_ENABLE_DEBUG_INFO = NO;
				SDKROOT = iphoneos;
				SWIFT_COMPILATION_MODE = wholemodule;
				SWIFT_OPTIMIZATION_LEVEL = "-O";
				VALIDATE_PRODUCT = YES;
			};
			name = Release;
		};
		504EC3171FED79650016851F /* Debug */ = {
			isa = XCBuildConfiguration;
			baseConfigurationReference = 902C98C63362C39935A4385D /* Pods-App.debug.xcconfig */;
			buildSettings = {
				ASSETCATALOG_COMPILER_APPICON_NAME = AppIcon;
				CODE_SIGN_STYLE = Automatic;
				INFOPLIST_FILE = App/Info.plist;
				IPHONEOS_DEPLOYMENT_TARGET = 11.0;
				LD_RUNPATH_SEARCH_PATHS = (
					"$(inherited)",
					"@executable_path/Frameworks",
				);
				MARKETING_VERSION = 2.0.8;
				OTHER_SWIFT_FLAGS = "$(inherited) \"-D\" \"COCOAPODS\" \"-DDEBUG\"";
				PRODUCT_BUNDLE_IDENTIFIER = eu.covivo.covisoft;
				PRODUCT_NAME = "$(TARGET_NAME)";
				SWIFT_ACTIVE_COMPILATION_CONDITIONS = "DEBUG USE_PUSH";
				SWIFT_VERSION = 4.2;
				TARGETED_DEVICE_FAMILY = "1,2";
			};
			name = Debug;
		};
		504EC3181FED79650016851F /* Release */ = {
			isa = XCBuildConfiguration;
			baseConfigurationReference = 0DCB504F9C147B414BE8E772 /* Pods-App.release.xcconfig */;
			buildSettings = {
				ASSETCATALOG_COMPILER_APPICON_NAME = AppIcon;
				CODE_SIGN_STYLE = Automatic;
				INFOPLIST_FILE = App/Info.plist;
				IPHONEOS_DEPLOYMENT_TARGET = 11.0;
				LD_RUNPATH_SEARCH_PATHS = (
					"$(inherited)",
					"@executable_path/Frameworks",
				);
				MARKETING_VERSION = 2.0.8;
				PRODUCT_BUNDLE_IDENTIFIER = eu.covivo.covisoft;
				PRODUCT_NAME = "$(TARGET_NAME)";
				SWIFT_ACTIVE_COMPILATION_CONDITIONS = USE_PUSH;
				SWIFT_VERSION = 4.2;
				TARGETED_DEVICE_FAMILY = "1,2";
			};
			name = Release;
		};
		816F3EC3242CE44D0015981B /* Debug */ = {
			isa = XCBuildConfiguration;
			baseConfigurationReference = F13E884ADDDCBC572AFDB82C /* Pods-Picholines.debug.xcconfig */;
			buildSettings = {
				ASSETCATALOG_COMPILER_APPICON_NAME = AppIcon;
				CODE_SIGN_ENTITLEMENTS = Picholines.entitlements;
				CODE_SIGN_STYLE = Automatic;
				CURRENT_PROJECT_VERSION = 1;
				DEVELOPMENT_TEAM = 8X98ZWRY77;
				INFOPLIST_FILE = "Picholines-Info.plist";
				IPHONEOS_DEPLOYMENT_TARGET = 11.0;
				LD_RUNPATH_SEARCH_PATHS = (
					"$(inherited)",
					"@executable_path/Frameworks",
				);
				MARKETING_VERSION = 2.0.8;
				OTHER_SWIFT_FLAGS = "$(inherited) \"-D\" \"COCOAPODS\" \"-DDEBUG\"";
				PRODUCT_BUNDLE_IDENTIFIER = eu.covivo.picholines;
				PRODUCT_NAME = "$(TARGET_NAME)";
				SWIFT_ACTIVE_COMPILATION_CONDITIONS = "DEBUG USE_PUSH";
				SWIFT_VERSION = 4.2;
				TARGETED_DEVICE_FAMILY = "1,2";
			};
			name = Debug;
		};
		816F3EC4242CE44D0015981B /* Release */ = {
			isa = XCBuildConfiguration;
			baseConfigurationReference = 015B17DD3DE27CDFE48FBFD6 /* Pods-Picholines.release.xcconfig */;
			buildSettings = {
				ASSETCATALOG_COMPILER_APPICON_NAME = AppIcon;
				CODE_SIGN_ENTITLEMENTS = Picholines.entitlements;
				CODE_SIGN_STYLE = Automatic;
				CURRENT_PROJECT_VERSION = 1;
				DEVELOPMENT_TEAM = 8X98ZWRY77;
				INFOPLIST_FILE = "Picholines-Info.plist";
				IPHONEOS_DEPLOYMENT_TARGET = 11.0;
				LD_RUNPATH_SEARCH_PATHS = (
					"$(inherited)",
					"@executable_path/Frameworks",
				);
				MARKETING_VERSION = 2.0.8;
				PRODUCT_BUNDLE_IDENTIFIER = eu.covivo.picholines;
				PRODUCT_NAME = "$(TARGET_NAME)";
				SWIFT_ACTIVE_COMPILATION_CONDITIONS = USE_PUSH;
				SWIFT_VERSION = 4.2;
				TARGETED_DEVICE_FAMILY = "1,2";
			};
			name = Release;
		};
		8179D02225594FBC00980C4C /* Debug */ = {
			isa = XCBuildConfiguration;
			baseConfigurationReference = D2604CBD31BE67DFE9B4C5F1 /* Pods-MobiSDIS.debug.xcconfig */;
			buildSettings = {
				ASSETCATALOG_COMPILER_APPICON_NAME = AppIcon;
				CODE_SIGN_ENTITLEMENTS = Picholines.entitlements;
				CODE_SIGN_STYLE = Automatic;
				CURRENT_PROJECT_VERSION = 1;
				DEVELOPMENT_TEAM = 8X98ZWRY77;
				INFOPLIST_FILE = "MobiSDIS-Info.plist";
				IPHONEOS_DEPLOYMENT_TARGET = 11.0;
				LD_RUNPATH_SEARCH_PATHS = (
					"$(inherited)",
					"@executable_path/Frameworks",
				);
				MARKETING_VERSION = 2.0.8;
				OTHER_SWIFT_FLAGS = "$(inherited) \"-D\" \"COCOAPODS\" \"-DDEBUG\"";
				PRODUCT_BUNDLE_IDENTIFIER = fr.mobicoop.mobisdis;
				PRODUCT_NAME = "$(TARGET_NAME)";
				SWIFT_ACTIVE_COMPILATION_CONDITIONS = "DEBUG USE_PUSH";
				SWIFT_VERSION = 4.2;
				TARGETED_DEVICE_FAMILY = "1,2";
			};
			name = Debug;
		};
		8179D02325594FBC00980C4C /* Release */ = {
			isa = XCBuildConfiguration;
			baseConfigurationReference = D2760C47EBECE89231B0F56F /* Pods-MobiSDIS.release.xcconfig */;
			buildSettings = {
				ASSETCATALOG_COMPILER_APPICON_NAME = AppIcon;
				CODE_SIGN_ENTITLEMENTS = Picholines.entitlements;
				CODE_SIGN_STYLE = Automatic;
				CURRENT_PROJECT_VERSION = 1;
				DEVELOPMENT_TEAM = 8X98ZWRY77;
				INFOPLIST_FILE = "MobiSDIS-Info.plist";
				IPHONEOS_DEPLOYMENT_TARGET = 11.0;
				LD_RUNPATH_SEARCH_PATHS = (
					"$(inherited)",
					"@executable_path/Frameworks",
				);
				MARKETING_VERSION = 2.0.8;
				PRODUCT_BUNDLE_IDENTIFIER = fr.mobicoop.mobisdis;
				PRODUCT_NAME = "$(TARGET_NAME)";
				SWIFT_ACTIVE_COMPILATION_CONDITIONS = USE_PUSH;
				SWIFT_VERSION = 4.2;
				TARGETED_DEVICE_FAMILY = "1,2";
			};
			name = Release;
		};
		817E8CCB24644BAB0060A3B8 /* Debug */ = {
			isa = XCBuildConfiguration;
			baseConfigurationReference = 9E57571C9F54CFB5A21ACEC6 /* Pods-Grand Lyon.debug.xcconfig */;
			buildSettings = {
				ASSETCATALOG_COMPILER_APPICON_NAME = AppIcon;
				CODE_SIGN_ENTITLEMENTS = "Grand Lyon.entitlements";
				CODE_SIGN_IDENTITY = "Apple Development";
				CODE_SIGN_STYLE = Automatic;
				CURRENT_PROJECT_VERSION = 1;
				DEVELOPMENT_TEAM = 96Q289G5H6;
				INFOPLIST_FILE = "GrandLyon-Info.plist";
				IPHONEOS_DEPLOYMENT_TARGET = 11.0;
				LD_RUNPATH_SEARCH_PATHS = (
					"$(inherited)",
					"@executable_path/Frameworks",
				);
				MARKETING_VERSION = 2.0.8;
				OTHER_SWIFT_FLAGS = "$(inherited) \"-D\" \"COCOAPODS\" \"-DDEBUG\"";
				PRODUCT_BUNDLE_IDENTIFIER = com.mobicoop.grandlyon;
				PRODUCT_NAME = "$(TARGET_NAME)";
				PROVISIONING_PROFILE_SPECIFIER = "";
				SWIFT_ACTIVE_COMPILATION_CONDITIONS = "DEBUG USE_PUSH";
				SWIFT_VERSION = 4.2;
				TARGETED_DEVICE_FAMILY = "1,2";
			};
			name = Debug;
		};
		817E8CCC24644BAB0060A3B8 /* Release */ = {
			isa = XCBuildConfiguration;
			baseConfigurationReference = 7BBE58283A12DB0FB19374C2 /* Pods-Grand Lyon.release.xcconfig */;
			buildSettings = {
				ASSETCATALOG_COMPILER_APPICON_NAME = AppIcon;
				CODE_SIGN_ENTITLEMENTS = "Grand Lyon.entitlements";
				CODE_SIGN_IDENTITY = "Apple Development";
				CODE_SIGN_STYLE = Automatic;
				CURRENT_PROJECT_VERSION = 1;
				DEVELOPMENT_TEAM = 96Q289G5H6;
				INFOPLIST_FILE = "GrandLyon-Info.plist";
				IPHONEOS_DEPLOYMENT_TARGET = 11.0;
				LD_RUNPATH_SEARCH_PATHS = (
					"$(inherited)",
					"@executable_path/Frameworks",
				);
				MARKETING_VERSION = 2.0.8;
				PRODUCT_BUNDLE_IDENTIFIER = com.mobicoop.grandlyon;
				PRODUCT_NAME = "$(TARGET_NAME)";
				PROVISIONING_PROFILE_SPECIFIER = "";
				SWIFT_ACTIVE_COMPILATION_CONDITIONS = USE_PUSH;
				SWIFT_VERSION = 4.2;
				TARGETED_DEVICE_FAMILY = "1,2";
			};
			name = Release;
		};
		81A5BD5E24ADDD9C00F13A16 /* Debug */ = {
			isa = XCBuildConfiguration;
			baseConfigurationReference = 8B18C8B8C502A53E11D9DE0A /* Pods-Txik Txak.debug.xcconfig */;
			buildSettings = {
				ASSETCATALOG_COMPILER_APPICON_NAME = AppIcon;
				CODE_SIGN_ENTITLEMENTS = Picholines.entitlements;
				CODE_SIGN_STYLE = Automatic;
				CURRENT_PROJECT_VERSION = 1;
				DEVELOPMENT_TEAM = 8X98ZWRY77;
				INFOPLIST_FILE = "TxikTxak-Info.plist";
				IPHONEOS_DEPLOYMENT_TARGET = 11.0;
				LD_RUNPATH_SEARCH_PATHS = (
					"$(inherited)",
					"@executable_path/Frameworks",
				);
				MARKETING_VERSION = 2.0.8;
				OTHER_SWIFT_FLAGS = "$(inherited) \"-D\" \"COCOAPODS\" \"-DDEBUG\"";
				PRODUCT_BUNDLE_IDENTIFIER = fr.mobicoop.txiktxak;
				PRODUCT_NAME = "$(TARGET_NAME)";
				SWIFT_ACTIVE_COMPILATION_CONDITIONS = "DEBUG USE_PUSH";
				SWIFT_VERSION = 4.2;
				TARGETED_DEVICE_FAMILY = "1,2";
			};
			name = Debug;
		};
		81A5BD5F24ADDD9C00F13A16 /* Release */ = {
			isa = XCBuildConfiguration;
			baseConfigurationReference = 9719F8E8F3D1EDB7EAC3A603 /* Pods-Txik Txak.release.xcconfig */;
			buildSettings = {
				ASSETCATALOG_COMPILER_APPICON_NAME = AppIcon;
				CODE_SIGN_ENTITLEMENTS = Picholines.entitlements;
				CODE_SIGN_STYLE = Automatic;
				CURRENT_PROJECT_VERSION = 1;
				DEVELOPMENT_TEAM = 8X98ZWRY77;
				INFOPLIST_FILE = "TxikTxak-Info.plist";
				IPHONEOS_DEPLOYMENT_TARGET = 11.0;
				LD_RUNPATH_SEARCH_PATHS = (
					"$(inherited)",
					"@executable_path/Frameworks",
				);
				MARKETING_VERSION = 2.0.8;
				PRODUCT_BUNDLE_IDENTIFIER = fr.mobicoop.txiktxak;
				PRODUCT_NAME = "$(TARGET_NAME)";
				SWIFT_ACTIVE_COMPILATION_CONDITIONS = USE_PUSH;
				SWIFT_VERSION = 4.2;
				TARGETED_DEVICE_FAMILY = "1,2";
			};
			name = Release;
		};
		81AC96FA24226D6300C2029E /* Debug */ = {
			isa = XCBuildConfiguration;
			baseConfigurationReference = D12368848BA50F09F7676E42 /* Pods-OuestGo.debug.xcconfig */;
			buildSettings = {
				ASSETCATALOG_COMPILER_APPICON_NAME = AppIcon;
				CODE_SIGN_ENTITLEMENTS = OuestGo.entitlements;
				CODE_SIGN_STYLE = Automatic;
				CURRENT_PROJECT_VERSION = 1;
				DEVELOPMENT_TEAM = 3VPN9SWU8K;
				INFOPLIST_FILE = "OuestGo-Info.plist";
				IPHONEOS_DEPLOYMENT_TARGET = 11.0;
				LD_RUNPATH_SEARCH_PATHS = (
					"$(inherited)",
					"@executable_path/Frameworks",
				);
				MARKETING_VERSION = 2.0.8;
				OTHER_SWIFT_FLAGS = "$(inherited) \"-D\" \"COCOAPODS\" \"-DDEBUG\"";
				PRODUCT_BUNDLE_IDENTIFIER = fr.mobicoop.ouestgo;
				PRODUCT_NAME = OuestGo;
				SWIFT_ACTIVE_COMPILATION_CONDITIONS = "DEBUG USE_PUSH";
				SWIFT_VERSION = 4.2;
				TARGETED_DEVICE_FAMILY = "1,2";
			};
			name = Debug;
		};
		81AC96FB24226D6300C2029E /* Release */ = {
			isa = XCBuildConfiguration;
			baseConfigurationReference = 48879B0654E0117D90BA6767 /* Pods-OuestGo.release.xcconfig */;
			buildSettings = {
				ASSETCATALOG_COMPILER_APPICON_NAME = AppIcon;
				CODE_SIGN_ENTITLEMENTS = OuestGo.entitlements;
				CODE_SIGN_STYLE = Automatic;
				CURRENT_PROJECT_VERSION = 1;
				DEVELOPMENT_TEAM = 3VPN9SWU8K;
				INFOPLIST_FILE = "OuestGo-Info.plist";
				IPHONEOS_DEPLOYMENT_TARGET = 11.0;
				LD_RUNPATH_SEARCH_PATHS = (
					"$(inherited)",
					"@executable_path/Frameworks",
				);
				MARKETING_VERSION = 2.0.8;
				PRODUCT_BUNDLE_IDENTIFIER = fr.mobicoop.ouestgo;
				PRODUCT_NAME = OuestGo;
				SWIFT_ACTIVE_COMPILATION_CONDITIONS = USE_PUSH;
				SWIFT_VERSION = 4.2;
				TARGETED_DEVICE_FAMILY = "1,2";
			};
			name = Release;
		};
		81AC97132422758500C2029E /* Debug */ = {
			isa = XCBuildConfiguration;
			baseConfigurationReference = B5B1B0CD92260C1F49F7FC15 /* Pods-Movici.debug.xcconfig */;
			buildSettings = {
				ASSETCATALOG_COMPILER_APPICON_NAME = AppIcon;
				CODE_SIGN_ENTITLEMENTS = Movici.entitlements;
				CODE_SIGN_STYLE = Automatic;
				CURRENT_PROJECT_VERSION = 1;
				DEVELOPMENT_TEAM = 6RT7MUDED3;
				INFOPLIST_FILE = "Movici-Info.plist";
				IPHONEOS_DEPLOYMENT_TARGET = 11.0;
				LD_RUNPATH_SEARCH_PATHS = (
					"$(inherited)",
					"@executable_path/Frameworks",
				);
				MARKETING_VERSION = 2.0.8;
				OTHER_SWIFT_FLAGS = "$(inherited) \"-D\" \"COCOAPODS\" \"-DDEBUG\"";
				PRODUCT_BUNDLE_IDENTIFIER = fr.auvergnerhonealpes.movici;
				PRODUCT_NAME = "$(TARGET_NAME)";
				SWIFT_ACTIVE_COMPILATION_CONDITIONS = "DEBUG USE_PUSH";
				SWIFT_VERSION = 4.2;
				TARGETED_DEVICE_FAMILY = "1,2";
			};
			name = Debug;
		};
		81AC97142422758500C2029E /* Release */ = {
			isa = XCBuildConfiguration;
			baseConfigurationReference = 2273C20040C7C6A037A18D79 /* Pods-Movici.release.xcconfig */;
			buildSettings = {
				ASSETCATALOG_COMPILER_APPICON_NAME = AppIcon;
				CODE_SIGN_ENTITLEMENTS = Movici.entitlements;
				CODE_SIGN_STYLE = Automatic;
				CURRENT_PROJECT_VERSION = 1;
				DEVELOPMENT_TEAM = 6RT7MUDED3;
				INFOPLIST_FILE = "Movici-Info.plist";
				IPHONEOS_DEPLOYMENT_TARGET = 11.0;
				LD_RUNPATH_SEARCH_PATHS = (
					"$(inherited)",
					"@executable_path/Frameworks",
				);
				MARKETING_VERSION = 2.0.8;
				PRODUCT_BUNDLE_IDENTIFIER = fr.auvergnerhonealpes.movici;
				PRODUCT_NAME = "$(TARGET_NAME)";
				SWIFT_ACTIVE_COMPILATION_CONDITIONS = USE_PUSH;
				SWIFT_VERSION = 4.2;
				TARGETED_DEVICE_FAMILY = "1,2";
			};
			name = Release;
		};
		81B68641243F6CC200A2FBC5 /* Debug */ = {
			isa = XCBuildConfiguration;
			baseConfigurationReference = 64855E3DA1BC17FEE445B813 /* Pods-PassPass.debug.xcconfig */;
			buildSettings = {
				ASSETCATALOG_COMPILER_APPICON_NAME = AppIcon;
				CODE_SIGN_ENTITLEMENTS = PassPass.entitlements;
				CODE_SIGN_STYLE = Automatic;
				CURRENT_PROJECT_VERSION = 1;
				DEVELOPMENT_TEAM = 8X98ZWRY77;
				INFOPLIST_FILE = "PassPass-Info.plist";
				IPHONEOS_DEPLOYMENT_TARGET = 11.0;
				LD_RUNPATH_SEARCH_PATHS = (
					"$(inherited)",
					"@executable_path/Frameworks",
				);
				MARKETING_VERSION = 2.0.8;
				OTHER_SWIFT_FLAGS = "$(inherited) \"-D\" \"COCOAPODS\" \"-DDEBUG\"";
				PRODUCT_BUNDLE_IDENTIFIER = com.covivo.passpass;
				PRODUCT_NAME = "$(TARGET_NAME)";
				SWIFT_ACTIVE_COMPILATION_CONDITIONS = "DEBUG USE_PUSH";
				SWIFT_VERSION = 4.2;
				TARGETED_DEVICE_FAMILY = "1,2";
			};
			name = Debug;
		};
		81B68642243F6CC200A2FBC5 /* Release */ = {
			isa = XCBuildConfiguration;
			baseConfigurationReference = A499D109DE77C321FA5AACC2 /* Pods-PassPass.release.xcconfig */;
			buildSettings = {
				ASSETCATALOG_COMPILER_APPICON_NAME = AppIcon;
				CODE_SIGN_ENTITLEMENTS = PassPass.entitlements;
				CODE_SIGN_STYLE = Automatic;
				CURRENT_PROJECT_VERSION = 1;
				DEVELOPMENT_TEAM = 8X98ZWRY77;
				INFOPLIST_FILE = "PassPass-Info.plist";
				IPHONEOS_DEPLOYMENT_TARGET = 11.0;
				LD_RUNPATH_SEARCH_PATHS = (
					"$(inherited)",
					"@executable_path/Frameworks",
				);
				MARKETING_VERSION = 2.0.8;
				PRODUCT_BUNDLE_IDENTIFIER = com.covivo.passpass;
				PRODUCT_NAME = "$(TARGET_NAME)";
				SWIFT_ACTIVE_COMPILATION_CONDITIONS = USE_PUSH;
				SWIFT_VERSION = 4.2;
				TARGETED_DEVICE_FAMILY = "1,2";
			};
			name = Release;
		};
		81B6865A243F752800A2FBC5 /* Debug */ = {
			isa = XCBuildConfiguration;
			buildSettings = {
				ASSETCATALOG_COMPILER_APPICON_NAME = AppIcon;
				CODE_SIGN_ENTITLEMENTS = Mobicoop.entitlements;
				CODE_SIGN_STYLE = Automatic;
				CURRENT_PROJECT_VERSION = 1;
				DEVELOPMENT_TEAM = 8X98ZWRY77;
				INFOPLIST_FILE = "Mobicoop-Info.plist";
				IPHONEOS_DEPLOYMENT_TARGET = 11.0;
				LD_RUNPATH_SEARCH_PATHS = (
					"$(inherited)",
					"@executable_path/Frameworks",
				);
				MARKETING_VERSION = 2.0.8;
				OTHER_SWIFT_FLAGS = "$(inherited) \"-D\" \"COCOAPODS\" \"-DDEBUG\"";
				PRODUCT_BUNDLE_IDENTIFIER = com.covivo.covisoft;
				PRODUCT_NAME = "$(TARGET_NAME)";
				SWIFT_ACTIVE_COMPILATION_CONDITIONS = "DEBUG USE_PUSH";
				SWIFT_VERSION = 4.2;
				TARGETED_DEVICE_FAMILY = "1,2";
			};
			name = Debug;
		};
		81B6865B243F752800A2FBC5 /* Release */ = {
			isa = XCBuildConfiguration;
			buildSettings = {
				ASSETCATALOG_COMPILER_APPICON_NAME = AppIcon;
				CODE_SIGN_ENTITLEMENTS = Mobicoop.entitlements;
				CODE_SIGN_STYLE = Automatic;
				CURRENT_PROJECT_VERSION = 1;
				DEVELOPMENT_TEAM = 8X98ZWRY77;
				INFOPLIST_FILE = "Mobicoop-Info.plist";
				IPHONEOS_DEPLOYMENT_TARGET = 11.0;
				LD_RUNPATH_SEARCH_PATHS = (
					"$(inherited)",
					"@executable_path/Frameworks",
				);
				MARKETING_VERSION = 2.0.8;
				PRODUCT_BUNDLE_IDENTIFIER = com.covivo.covisoft;
				PRODUCT_NAME = "$(TARGET_NAME)";
				SWIFT_ACTIVE_COMPILATION_CONDITIONS = USE_PUSH;
				SWIFT_VERSION = 4.2;
				TARGETED_DEVICE_FAMILY = "1,2";
			};
			name = Release;
		};
/* End XCBuildConfiguration section */

/* Begin XCConfigurationList section */
		504EC2FF1FED79650016851F /* Build configuration list for PBXProject "App" */ = {
			isa = XCConfigurationList;
			buildConfigurations = (
				504EC3141FED79650016851F /* Debug */,
				504EC3151FED79650016851F /* Release */,
			);
			defaultConfigurationIsVisible = 0;
			defaultConfigurationName = Release;
		};
		504EC3161FED79650016851F /* Build configuration list for PBXNativeTarget "App" */ = {
			isa = XCConfigurationList;
			buildConfigurations = (
				504EC3171FED79650016851F /* Debug */,
				504EC3181FED79650016851F /* Release */,
			);
			defaultConfigurationIsVisible = 0;
			defaultConfigurationName = Release;
		};
		816F3EC2242CE44D0015981B /* Build configuration list for PBXNativeTarget "Picholines" */ = {
			isa = XCConfigurationList;
			buildConfigurations = (
				816F3EC3242CE44D0015981B /* Debug */,
				816F3EC4242CE44D0015981B /* Release */,
			);
			defaultConfigurationIsVisible = 0;
			defaultConfigurationName = Release;
		};
		8179D02125594FBC00980C4C /* Build configuration list for PBXNativeTarget "MobiSDIS" */ = {
			isa = XCConfigurationList;
			buildConfigurations = (
				8179D02225594FBC00980C4C /* Debug */,
				8179D02325594FBC00980C4C /* Release */,
			);
			defaultConfigurationIsVisible = 0;
			defaultConfigurationName = Release;
		};
		817E8CCA24644BAB0060A3B8 /* Build configuration list for PBXNativeTarget "Grand Lyon" */ = {
			isa = XCConfigurationList;
			buildConfigurations = (
				817E8CCB24644BAB0060A3B8 /* Debug */,
				817E8CCC24644BAB0060A3B8 /* Release */,
			);
			defaultConfigurationIsVisible = 0;
			defaultConfigurationName = Release;
		};
		81A5BD5D24ADDD9C00F13A16 /* Build configuration list for PBXNativeTarget "Txik Txak" */ = {
			isa = XCConfigurationList;
			buildConfigurations = (
				81A5BD5E24ADDD9C00F13A16 /* Debug */,
				81A5BD5F24ADDD9C00F13A16 /* Release */,
			);
			defaultConfigurationIsVisible = 0;
			defaultConfigurationName = Release;
		};
		81AC96F924226D6300C2029E /* Build configuration list for PBXNativeTarget "OuestGo" */ = {
			isa = XCConfigurationList;
			buildConfigurations = (
				81AC96FA24226D6300C2029E /* Debug */,
				81AC96FB24226D6300C2029E /* Release */,
			);
			defaultConfigurationIsVisible = 0;
			defaultConfigurationName = Release;
		};
		81AC97122422758500C2029E /* Build configuration list for PBXNativeTarget "Movici" */ = {
			isa = XCConfigurationList;
			buildConfigurations = (
				81AC97132422758500C2029E /* Debug */,
				81AC97142422758500C2029E /* Release */,
			);
			defaultConfigurationIsVisible = 0;
			defaultConfigurationName = Release;
		};
		81B68640243F6CC200A2FBC5 /* Build configuration list for PBXNativeTarget "PassPass" */ = {
			isa = XCConfigurationList;
			buildConfigurations = (
				81B68641243F6CC200A2FBC5 /* Debug */,
				81B68642243F6CC200A2FBC5 /* Release */,
			);
			defaultConfigurationIsVisible = 0;
			defaultConfigurationName = Release;
		};
		81B68659243F752800A2FBC5 /* Build configuration list for PBXNativeTarget "Mobicoop" */ = {
			isa = XCConfigurationList;
			buildConfigurations = (
				81B6865A243F752800A2FBC5 /* Debug */,
				81B6865B243F752800A2FBC5 /* Release */,
			);
			defaultConfigurationIsVisible = 0;
			defaultConfigurationName = Release;
		};
/* End XCConfigurationList section */
	};
	rootObject = 504EC2FC1FED79650016851F /* Project object */;
}
